// !$*UTF8*$!
{
	archiveVersion = 1;
	classes = {
	};
	objectVersion = 56;
	objects = {

/* Begin PBXBuildFile section */
		FB0F6BB329386184009405FE /* PomodoroLocalTimer.swift in Sources */ = {isa = PBXBuildFile; fileRef = FB0F6BB229386184009405FE /* PomodoroLocalTimer.swift */; };
		FB4AA1382936F1730076FED9 /* TimerText.swift in Sources */ = {isa = PBXBuildFile; fileRef = FB4AA1372936F1730076FED9 /* TimerText.swift */; };
		FB4AA1542937C0F30076FED9 /* ExtensionHelpers.swift in Sources */ = {isa = PBXBuildFile; fileRef = FB4AA1532937C0F30076FED9 /* ExtensionHelpers.swift */; };
		FB4AA1642937CD000076FED9 /* ElapsedSeconds.swift in Sources */ = {isa = PBXBuildFile; fileRef = FB4AA1632937CD000076FED9 /* ElapsedSeconds.swift */; };
		FB4AA16D2937D7340076FED9 /* LocalElapsedSeconds.swift in Sources */ = {isa = PBXBuildFile; fileRef = FB4AA16C2937D7340076FED9 /* LocalElapsedSeconds.swift */; };
		FB4AA16F2937D75A0076FED9 /* TimerCountdown.swift in Sources */ = {isa = PBXBuildFile; fileRef = FB4AA16E2937D75A0076FED9 /* TimerCountdown.swift */; };
		FB73E909293BA2A40087F9EF /* TimeCoachRoot.swift in Sources */ = {isa = PBXBuildFile; fileRef = FB73E908293BA2A40087F9EF /* TimeCoachRoot.swift */; };
		FB73E925293BAE490087F9EF /* LifeCoach.framework in Frameworks */ = {isa = PBXBuildFile; fileRef = FBAD475028FC8BB0003D2F7A /* LifeCoach.framework */; };
		FB73E92B293BAE4F0087F9EF /* PomodoroLocalTimerTests.swift in Sources */ = {isa = PBXBuildFile; fileRef = FB4AA1712937DE810076FED9 /* PomodoroLocalTimerTests.swift */; };
		FB73E92C293BAEEB0087F9EF /* XCTestCase+MemoryLeakTracking.swift in Sources */ = {isa = PBXBuildFile; fileRef = FBC9ADAE2919E8B500E0BEFC /* XCTestCase+MemoryLeakTracking.swift */; };
		FB73E92D293BC1D80087F9EF /* LifeCoach.framework in Frameworks */ = {isa = PBXBuildFile; fileRef = FBAD475028FC8BB0003D2F7A /* LifeCoach.framework */; };
		FB960C6E293D2BED00ECBAD5 /* Combine+Helpers.swift in Sources */ = {isa = PBXBuildFile; fileRef = FB960C6D293D2BED00ECBAD5 /* Combine+Helpers.swift */; };
		FB960C72293D462900ECBAD5 /* ToggleStrategy.swift in Sources */ = {isa = PBXBuildFile; fileRef = FB960C71293D462900ECBAD5 /* ToggleStrategy.swift */; };
		FB960C73293D479800ECBAD5 /* XCTestCase+MemoryLeakTracking.swift in Sources */ = {isa = PBXBuildFile; fileRef = FBC9ADAE2919E8B500E0BEFC /* XCTestCase+MemoryLeakTracking.swift */; };
		FB960C75293D484000ECBAD5 /* TimerPresentationTests.swift in Sources */ = {isa = PBXBuildFile; fileRef = FB960C74293D484000ECBAD5 /* TimerPresentationTests.swift */; };
		FB960C76293D48CB00ECBAD5 /* TimerViewModel.swift in Sources */ = {isa = PBXBuildFile; fileRef = FB4AA14929379EDF0076FED9 /* TimerViewModel.swift */; };
		FB960C77293D48D200ECBAD5 /* Timer+DefaultStrings.swift in Sources */ = {isa = PBXBuildFile; fileRef = FB4AA1582937C3C50076FED9 /* Timer+DefaultStrings.swift */; };
		FB960C78293D48D800ECBAD5 /* Date+Formatters.swift in Sources */ = {isa = PBXBuildFile; fileRef = FB4AA1562937C3970076FED9 /* Date+Formatters.swift */; };
		FB960C80293D532E00ECBAD5 /* PreviewTimer.swift in Sources */ = {isa = PBXBuildFile; fileRef = FB960C7F293D532E00ECBAD5 /* PreviewTimer.swift */; };
		FBAA4CB2293DB20E00B3BBF1 /* LifeCoachWatchOS.framework in Frameworks */ = {isa = PBXBuildFile; fileRef = FB06B52D292BF71C00AE6079 /* LifeCoachWatchOS.framework */; };
		FBAA4CB3293DB20E00B3BBF1 /* LifeCoachWatchOS.framework in Embed Frameworks */ = {isa = PBXBuildFile; fileRef = FB06B52D292BF71C00AE6079 /* LifeCoachWatchOS.framework */; settings = {ATTRIBUTES = (CodeSignOnCopy, RemoveHeadersOnCopy, ); }; };
		FBAA4CB5293DB24700B3BBF1 /* LifeCoach.framework in Frameworks */ = {isa = PBXBuildFile; fileRef = FBAD475028FC8BB0003D2F7A /* LifeCoach.framework */; };
		FBAA4CB6293DB24700B3BBF1 /* LifeCoach.framework in Embed Frameworks */ = {isa = PBXBuildFile; fileRef = FBAD475028FC8BB0003D2F7A /* LifeCoach.framework */; settings = {ATTRIBUTES = (CodeSignOnCopy, RemoveHeadersOnCopy, ); }; };
		FBAD475528FC8BB0003D2F7A /* LifeCoach.docc in Sources */ = {isa = PBXBuildFile; fileRef = FBAD475428FC8BB0003D2F7A /* LifeCoach.docc */; };
		FBAD475B28FC8BB0003D2F7A /* LifeCoach.framework in Frameworks */ = {isa = PBXBuildFile; fileRef = FBAD475028FC8BB0003D2F7A /* LifeCoach.framework */; };
		FBC612F3293AC2ED008D9EF8 /* TimerCountDownSpy.swift in Sources */ = {isa = PBXBuildFile; fileRef = FBC612F2293AC2ED008D9EF8 /* TimerCountDownSpy.swift */; };
		FBC9ADAF2919E8B500E0BEFC /* XCTestCase+MemoryLeakTracking.swift in Sources */ = {isa = PBXBuildFile; fileRef = FBC9ADAE2919E8B500E0BEFC /* XCTestCase+MemoryLeakTracking.swift */; };
		FBDBAC4629762AC7009E440A /* TimerSave.swift in Sources */ = {isa = PBXBuildFile; fileRef = FBDBAC4529762AC7009E440A /* TimerSave.swift */; };
		FBDBAC4829762AD1009E440A /* TimerLoad.swift in Sources */ = {isa = PBXBuildFile; fileRef = FBDBAC4729762AD1009E440A /* TimerLoad.swift */; };
		FBDBAC4A29762AE5009E440A /* PomodoroLocalTimer+TimerSave.swift in Sources */ = {isa = PBXBuildFile; fileRef = FBDBAC4929762AE5009E440A /* PomodoroLocalTimer+TimerSave.swift */; };
		FBDBAC4C29762AFE009E440A /* PomodoroLocalTimer+TimerLoad.swift in Sources */ = {isa = PBXBuildFile; fileRef = FBDBAC4B29762AFE009E440A /* PomodoroLocalTimer+TimerLoad.swift */; };
		FBDBAC4E29762B1E009E440A /* LocalElapsedSeconds+ElapsedSeconds.swift in Sources */ = {isa = PBXBuildFile; fileRef = FBDBAC4D29762B1E009E440A /* LocalElapsedSeconds+ElapsedSeconds.swift */; };
		FBE9A9752939527C00D8BF29 /* TimeCoach Watch App.app in Embed Watch Content */ = {isa = PBXBuildFile; fileRef = FBE9A9742939527C00D8BF29 /* TimeCoach Watch App.app */; settings = {ATTRIBUTES = (RemoveHeadersOnCopy, ); }; };
		FBE9A97A2939527C00D8BF29 /* TimeCoachApp.swift in Sources */ = {isa = PBXBuildFile; fileRef = FBE9A9792939527C00D8BF29 /* TimeCoachApp.swift */; };
		FBE9A97E2939527E00D8BF29 /* Assets.xcassets in Resources */ = {isa = PBXBuildFile; fileRef = FBE9A97D2939527E00D8BF29 /* Assets.xcassets */; };
		FBE9A9812939527E00D8BF29 /* Preview Assets.xcassets in Resources */ = {isa = PBXBuildFile; fileRef = FBE9A9802939527E00D8BF29 /* Preview Assets.xcassets */; };
		FBE9A9A5293952EB00D8BF29 /* TimerUIIntegrationTests.swift in Sources */ = {isa = PBXBuildFile; fileRef = FB4AA1322936EB9A0076FED9 /* TimerUIIntegrationTests.swift */; };
		FBE9A9A6293952EE00D8BF29 /* TimerView+Simulations.swift in Sources */ = {isa = PBXBuildFile; fileRef = FB4AA13C29379D140076FED9 /* TimerView+Simulations.swift */; };
		FBE9A9A72939534000D8BF29 /* TimerPresentationAdapter.swift in Sources */ = {isa = PBXBuildFile; fileRef = FB4AA13929378A460076FED9 /* TimerPresentationAdapter.swift */; };
		FBE9A9A82939535800D8BF29 /* TimerViewComposer.swift in Sources */ = {isa = PBXBuildFile; fileRef = FB4AA14229379DC90076FED9 /* TimerViewComposer.swift */; };
		FBE9A9B12939552400D8BF29 /* ViewInspector in Frameworks */ = {isa = PBXBuildFile; productRef = FBE9A9B02939552400D8BF29 /* ViewInspector */; };
		FBE9A9D02939580E00D8BF29 /* pizzadude.dk License.txt in Resources */ = {isa = PBXBuildFile; fileRef = FBE9A9C72939580E00D8BF29 /* pizzadude.dk License.txt */; };
		FBE9A9D12939580E00D8BF29 /* DIGITALDREAMFAT.ttf in Resources */ = {isa = PBXBuildFile; fileRef = FBE9A9C82939580E00D8BF29 /* DIGITALDREAMFAT.ttf */; };
		FBE9A9DC2939654400D8BF29 /* TimerLabelStyle.swift in Sources */ = {isa = PBXBuildFile; fileRef = FBE9A9DB2939654400D8BF29 /* TimerLabelStyle.swift */; };
		FBE9A9DE29396EA100D8BF29 /* TimeCoachAcceptanceTests.swift in Sources */ = {isa = PBXBuildFile; fileRef = FBE9A9DD29396EA100D8BF29 /* TimeCoachAcceptanceTests.swift */; };
		FBED1E4B293EDAD10061CAAF /* TimerControls.swift in Sources */ = {isa = PBXBuildFile; fileRef = FBED1E4A293EDAD10061CAAF /* TimerControls.swift */; };
		FBED1E4D293EDB3F0061CAAF /* TimerTextTimeLine.swift in Sources */ = {isa = PBXBuildFile; fileRef = FBED1E4C293EDB3F0061CAAF /* TimerTextTimeLine.swift */; };
		FBED1E52293EE13F0061CAAF /* TimerView.swift in Sources */ = {isa = PBXBuildFile; fileRef = FBED1E51293EE13F0061CAAF /* TimerView.swift */; };
		FBED1E54293F7E980061CAAF /* UserNotificationDelegate.swift in Sources */ = {isa = PBXBuildFile; fileRef = FBED1E53293F7E980061CAAF /* UserNotificationDelegate.swift */; };
/* End PBXBuildFile section */

/* Begin PBXContainerItemProxy section */
		FB73E926293BAE490087F9EF /* PBXContainerItemProxy */ = {
			isa = PBXContainerItemProxy;
			containerPortal = FBAD474728FC8BB0003D2F7A /* Project object */;
			proxyType = 1;
			remoteGlobalIDString = FBAD474F28FC8BB0003D2F7A;
			remoteInfo = LifeCoach;
		};
		FBAA4CB7293DB24700B3BBF1 /* PBXContainerItemProxy */ = {
			isa = PBXContainerItemProxy;
			containerPortal = FBAD474728FC8BB0003D2F7A /* Project object */;
			proxyType = 1;
			remoteGlobalIDString = FBAD474F28FC8BB0003D2F7A;
			remoteInfo = LifeCoach;
		};
		FBAD475C28FC8BB0003D2F7A /* PBXContainerItemProxy */ = {
			isa = PBXContainerItemProxy;
			containerPortal = FBAD474728FC8BB0003D2F7A /* Project object */;
			proxyType = 1;
			remoteGlobalIDString = FBAD474F28FC8BB0003D2F7A;
			remoteInfo = LifeCoach;
		};
		FBE9A9762939527C00D8BF29 /* PBXContainerItemProxy */ = {
			isa = PBXContainerItemProxy;
			containerPortal = FBAD474728FC8BB0003D2F7A /* Project object */;
			proxyType = 1;
			remoteGlobalIDString = FBE9A9732939527C00D8BF29;
			remoteInfo = "TimeCoach Watch App";
		};
		FBE9A9872939527E00D8BF29 /* PBXContainerItemProxy */ = {
			isa = PBXContainerItemProxy;
			containerPortal = FBAD474728FC8BB0003D2F7A /* Project object */;
			proxyType = 1;
			remoteGlobalIDString = FBE9A9732939527C00D8BF29;
			remoteInfo = "TimeCoach Watch App";
		};
		FBE9A9AD2939543600D8BF29 /* PBXContainerItemProxy */ = {
			isa = PBXContainerItemProxy;
			containerPortal = FBAD474728FC8BB0003D2F7A /* Project object */;
			proxyType = 1;
			remoteGlobalIDString = FB06B52C292BF71C00AE6079;
			remoteInfo = LifeCoachWatchOS;
		};
/* End PBXContainerItemProxy section */

/* Begin PBXCopyFilesBuildPhase section */
		FBAA4CB4293DB20E00B3BBF1 /* Embed Frameworks */ = {
			isa = PBXCopyFilesBuildPhase;
			buildActionMask = 2147483647;
			dstPath = "";
			dstSubfolderSpec = 10;
			files = (
				FBAA4CB3293DB20E00B3BBF1 /* LifeCoachWatchOS.framework in Embed Frameworks */,
				FBAA4CB6293DB24700B3BBF1 /* LifeCoach.framework in Embed Frameworks */,
			);
			name = "Embed Frameworks";
			runOnlyForDeploymentPostprocessing = 0;
		};
		FBE9A99A2939528000D8BF29 /* Embed Watch Content */ = {
			isa = PBXCopyFilesBuildPhase;
			buildActionMask = 2147483647;
			dstPath = "$(CONTENTS_FOLDER_PATH)/Watch";
			dstSubfolderSpec = 16;
			files = (
				FBE9A9752939527C00D8BF29 /* TimeCoach Watch App.app in Embed Watch Content */,
			);
			name = "Embed Watch Content";
			runOnlyForDeploymentPostprocessing = 0;
		};
/* End PBXCopyFilesBuildPhase section */

/* Begin PBXFileReference section */
		FB06B52D292BF71C00AE6079 /* LifeCoachWatchOS.framework */ = {isa = PBXFileReference; explicitFileType = wrapper.framework; includeInIndex = 0; path = LifeCoachWatchOS.framework; sourceTree = BUILT_PRODUCTS_DIR; };
		FB0F6BB229386184009405FE /* PomodoroLocalTimer.swift */ = {isa = PBXFileReference; lastKnownFileType = sourcecode.swift; path = PomodoroLocalTimer.swift; sourceTree = "<group>"; };
		FB4AA1322936EB9A0076FED9 /* TimerUIIntegrationTests.swift */ = {isa = PBXFileReference; lastKnownFileType = sourcecode.swift; path = TimerUIIntegrationTests.swift; sourceTree = "<group>"; };
		FB4AA1372936F1730076FED9 /* TimerText.swift */ = {isa = PBXFileReference; lastKnownFileType = sourcecode.swift; path = TimerText.swift; sourceTree = "<group>"; };
		FB4AA13929378A460076FED9 /* TimerPresentationAdapter.swift */ = {isa = PBXFileReference; lastKnownFileType = sourcecode.swift; path = TimerPresentationAdapter.swift; sourceTree = "<group>"; };
		FB4AA13C29379D140076FED9 /* TimerView+Simulations.swift */ = {isa = PBXFileReference; lastKnownFileType = sourcecode.swift; path = "TimerView+Simulations.swift"; sourceTree = "<group>"; };
		FB4AA14229379DC90076FED9 /* TimerViewComposer.swift */ = {isa = PBXFileReference; lastKnownFileType = sourcecode.swift; path = TimerViewComposer.swift; sourceTree = "<group>"; };
		FB4AA14929379EDF0076FED9 /* TimerViewModel.swift */ = {isa = PBXFileReference; lastKnownFileType = sourcecode.swift; path = TimerViewModel.swift; sourceTree = "<group>"; };
		FB4AA1532937C0F30076FED9 /* ExtensionHelpers.swift */ = {isa = PBXFileReference; lastKnownFileType = sourcecode.swift; path = ExtensionHelpers.swift; sourceTree = "<group>"; };
		FB4AA1562937C3970076FED9 /* Date+Formatters.swift */ = {isa = PBXFileReference; lastKnownFileType = sourcecode.swift; path = "Date+Formatters.swift"; sourceTree = "<group>"; };
		FB4AA1582937C3C50076FED9 /* Timer+DefaultStrings.swift */ = {isa = PBXFileReference; lastKnownFileType = sourcecode.swift; path = "Timer+DefaultStrings.swift"; sourceTree = "<group>"; };
		FB4AA1632937CD000076FED9 /* ElapsedSeconds.swift */ = {isa = PBXFileReference; lastKnownFileType = sourcecode.swift; path = ElapsedSeconds.swift; sourceTree = "<group>"; };
		FB4AA16C2937D7340076FED9 /* LocalElapsedSeconds.swift */ = {isa = PBXFileReference; lastKnownFileType = sourcecode.swift; path = LocalElapsedSeconds.swift; sourceTree = "<group>"; };
		FB4AA16E2937D75A0076FED9 /* TimerCountdown.swift */ = {isa = PBXFileReference; lastKnownFileType = sourcecode.swift; path = TimerCountdown.swift; sourceTree = "<group>"; };
		FB4AA1712937DE810076FED9 /* PomodoroLocalTimerTests.swift */ = {isa = PBXFileReference; lastKnownFileType = sourcecode.swift; path = PomodoroLocalTimerTests.swift; sourceTree = "<group>"; };
		FB73E908293BA2A40087F9EF /* TimeCoachRoot.swift */ = {isa = PBXFileReference; lastKnownFileType = sourcecode.swift; path = TimeCoachRoot.swift; sourceTree = "<group>"; };
		FB73E921293BAE490087F9EF /* TimerInfrastructureTests.xctest */ = {isa = PBXFileReference; explicitFileType = wrapper.cfbundle; includeInIndex = 0; path = TimerInfrastructureTests.xctest; sourceTree = BUILT_PRODUCTS_DIR; };
		FB960C6D293D2BED00ECBAD5 /* Combine+Helpers.swift */ = {isa = PBXFileReference; lastKnownFileType = sourcecode.swift; path = "Combine+Helpers.swift"; sourceTree = "<group>"; };
		FB960C71293D462900ECBAD5 /* ToggleStrategy.swift */ = {isa = PBXFileReference; lastKnownFileType = sourcecode.swift; path = ToggleStrategy.swift; sourceTree = "<group>"; };
		FB960C74293D484000ECBAD5 /* TimerPresentationTests.swift */ = {isa = PBXFileReference; lastKnownFileType = sourcecode.swift; path = TimerPresentationTests.swift; sourceTree = "<group>"; };
		FB960C7F293D532E00ECBAD5 /* PreviewTimer.swift */ = {isa = PBXFileReference; lastKnownFileType = sourcecode.swift; path = PreviewTimer.swift; sourceTree = "<group>"; };
		FBAD475028FC8BB0003D2F7A /* LifeCoach.framework */ = {isa = PBXFileReference; explicitFileType = wrapper.framework; includeInIndex = 0; path = LifeCoach.framework; sourceTree = BUILT_PRODUCTS_DIR; };
		FBAD475428FC8BB0003D2F7A /* LifeCoach.docc */ = {isa = PBXFileReference; lastKnownFileType = folder.documentationcatalog; path = LifeCoach.docc; sourceTree = "<group>"; };
		FBAD475A28FC8BB0003D2F7A /* LifeCoachTests.xctest */ = {isa = PBXFileReference; explicitFileType = wrapper.cfbundle; includeInIndex = 0; path = LifeCoachTests.xctest; sourceTree = BUILT_PRODUCTS_DIR; };
		FBC612F2293AC2ED008D9EF8 /* TimerCountDownSpy.swift */ = {isa = PBXFileReference; lastKnownFileType = sourcecode.swift; path = TimerCountDownSpy.swift; sourceTree = "<group>"; };
		FBC9ADAE2919E8B500E0BEFC /* XCTestCase+MemoryLeakTracking.swift */ = {isa = PBXFileReference; lastKnownFileType = sourcecode.swift; path = "XCTestCase+MemoryLeakTracking.swift"; sourceTree = "<group>"; };
		FBDBAC4529762AC7009E440A /* TimerSave.swift */ = {isa = PBXFileReference; lastKnownFileType = sourcecode.swift; path = TimerSave.swift; sourceTree = "<group>"; };
		FBDBAC4729762AD1009E440A /* TimerLoad.swift */ = {isa = PBXFileReference; lastKnownFileType = sourcecode.swift; path = TimerLoad.swift; sourceTree = "<group>"; };
		FBDBAC4929762AE5009E440A /* PomodoroLocalTimer+TimerSave.swift */ = {isa = PBXFileReference; lastKnownFileType = sourcecode.swift; path = "PomodoroLocalTimer+TimerSave.swift"; sourceTree = "<group>"; };
		FBDBAC4B29762AFE009E440A /* PomodoroLocalTimer+TimerLoad.swift */ = {isa = PBXFileReference; lastKnownFileType = sourcecode.swift; path = "PomodoroLocalTimer+TimerLoad.swift"; sourceTree = "<group>"; };
		FBDBAC4D29762B1E009E440A /* LocalElapsedSeconds+ElapsedSeconds.swift */ = {isa = PBXFileReference; lastKnownFileType = sourcecode.swift; path = "LocalElapsedSeconds+ElapsedSeconds.swift"; sourceTree = "<group>"; };
		FBE9A96F2939527C00D8BF29 /* TimeCoach.app */ = {isa = PBXFileReference; explicitFileType = wrapper.application; includeInIndex = 0; path = TimeCoach.app; sourceTree = BUILT_PRODUCTS_DIR; };
		FBE9A9742939527C00D8BF29 /* TimeCoach Watch App.app */ = {isa = PBXFileReference; explicitFileType = wrapper.application; includeInIndex = 0; path = "TimeCoach Watch App.app"; sourceTree = BUILT_PRODUCTS_DIR; };
		FBE9A9792939527C00D8BF29 /* TimeCoachApp.swift */ = {isa = PBXFileReference; lastKnownFileType = sourcecode.swift; path = TimeCoachApp.swift; sourceTree = "<group>"; };
		FBE9A97D2939527E00D8BF29 /* Assets.xcassets */ = {isa = PBXFileReference; lastKnownFileType = folder.assetcatalog; path = Assets.xcassets; sourceTree = "<group>"; };
		FBE9A9802939527E00D8BF29 /* Preview Assets.xcassets */ = {isa = PBXFileReference; lastKnownFileType = folder.assetcatalog; path = "Preview Assets.xcassets"; sourceTree = "<group>"; };
		FBE9A9862939527E00D8BF29 /* TimeCoach Watch AppTests.xctest */ = {isa = PBXFileReference; explicitFileType = wrapper.cfbundle; includeInIndex = 0; path = "TimeCoach Watch AppTests.xctest"; sourceTree = BUILT_PRODUCTS_DIR; };
		FBE9A9C72939580E00D8BF29 /* pizzadude.dk License.txt */ = {isa = PBXFileReference; fileEncoding = 4; lastKnownFileType = text; path = "pizzadude.dk License.txt"; sourceTree = "<group>"; };
		FBE9A9C82939580E00D8BF29 /* DIGITALDREAMFAT.ttf */ = {isa = PBXFileReference; lastKnownFileType = file; path = DIGITALDREAMFAT.ttf; sourceTree = "<group>"; };
		FBE9A9DB2939654400D8BF29 /* TimerLabelStyle.swift */ = {isa = PBXFileReference; lastKnownFileType = sourcecode.swift; path = TimerLabelStyle.swift; sourceTree = "<group>"; };
		FBE9A9DD29396EA100D8BF29 /* TimeCoachAcceptanceTests.swift */ = {isa = PBXFileReference; lastKnownFileType = sourcecode.swift; path = TimeCoachAcceptanceTests.swift; sourceTree = "<group>"; };
		FBE9A9DF293974FF00D8BF29 /* TimeCoach-Watch-App-Info.plist */ = {isa = PBXFileReference; lastKnownFileType = text.plist; path = "TimeCoach-Watch-App-Info.plist"; sourceTree = SOURCE_ROOT; };
		FBED1E4A293EDAD10061CAAF /* TimerControls.swift */ = {isa = PBXFileReference; lastKnownFileType = sourcecode.swift; path = TimerControls.swift; sourceTree = "<group>"; };
		FBED1E4C293EDB3F0061CAAF /* TimerTextTimeLine.swift */ = {isa = PBXFileReference; lastKnownFileType = sourcecode.swift; path = TimerTextTimeLine.swift; sourceTree = "<group>"; };
		FBED1E51293EE13F0061CAAF /* TimerView.swift */ = {isa = PBXFileReference; lastKnownFileType = sourcecode.swift; path = TimerView.swift; sourceTree = "<group>"; };
		FBED1E53293F7E980061CAAF /* UserNotificationDelegate.swift */ = {isa = PBXFileReference; lastKnownFileType = sourcecode.swift; path = UserNotificationDelegate.swift; sourceTree = "<group>"; };
/* End PBXFileReference section */

/* Begin PBXFrameworksBuildPhase section */
		FB06B52A292BF71C00AE6079 /* Frameworks */ = {
			isa = PBXFrameworksBuildPhase;
			buildActionMask = 2147483647;
			files = (
				FB73E92D293BC1D80087F9EF /* LifeCoach.framework in Frameworks */,
			);
			runOnlyForDeploymentPostprocessing = 0;
		};
		FB73E91E293BAE490087F9EF /* Frameworks */ = {
			isa = PBXFrameworksBuildPhase;
			buildActionMask = 2147483647;
			files = (
				FB73E925293BAE490087F9EF /* LifeCoach.framework in Frameworks */,
			);
			runOnlyForDeploymentPostprocessing = 0;
		};
		FBAD474D28FC8BB0003D2F7A /* Frameworks */ = {
			isa = PBXFrameworksBuildPhase;
			buildActionMask = 2147483647;
			files = (
			);
			runOnlyForDeploymentPostprocessing = 0;
		};
		FBAD475728FC8BB0003D2F7A /* Frameworks */ = {
			isa = PBXFrameworksBuildPhase;
			buildActionMask = 2147483647;
			files = (
				FBAD475B28FC8BB0003D2F7A /* LifeCoach.framework in Frameworks */,
			);
			runOnlyForDeploymentPostprocessing = 0;
		};
		FBE9A9712939527C00D8BF29 /* Frameworks */ = {
			isa = PBXFrameworksBuildPhase;
			buildActionMask = 2147483647;
			files = (
				FBAA4CB2293DB20E00B3BBF1 /* LifeCoachWatchOS.framework in Frameworks */,
				FBAA4CB5293DB24700B3BBF1 /* LifeCoach.framework in Frameworks */,
			);
			runOnlyForDeploymentPostprocessing = 0;
		};
		FBE9A9832939527E00D8BF29 /* Frameworks */ = {
			isa = PBXFrameworksBuildPhase;
			buildActionMask = 2147483647;
			files = (
				FBE9A9B12939552400D8BF29 /* ViewInspector in Frameworks */,
			);
			runOnlyForDeploymentPostprocessing = 0;
		};
/* End PBXFrameworksBuildPhase section */

/* Begin PBXGroup section */
		FB06B52E292BF71C00AE6079 /* LifeCoachWatchOS */ = {
			isa = PBXGroup;
			children = (
				FB4AA13E29379D9F0076FED9 /* Timer Feature */,
			);
			path = LifeCoachWatchOS;
			sourceTree = "<group>";
		};
		FB0F6BB52938639F009405FE /* Frameworks */ = {
			isa = PBXGroup;
			children = (
			);
			name = Frameworks;
			sourceTree = "<group>";
		};
		FB4AA13B29379BC10076FED9 /* Helpers */ = {
			isa = PBXGroup;
			children = (
				FB4AA13C29379D140076FED9 /* TimerView+Simulations.swift */,
				FBC612F2293AC2ED008D9EF8 /* TimerCountDownSpy.swift */,
			);
			path = Helpers;
			sourceTree = "<group>";
		};
		FB4AA13E29379D9F0076FED9 /* Timer Feature */ = {
			isa = PBXGroup;
			children = (
				FB4AA14429379E1F0076FED9 /* UI */,
			);
			path = "Timer Feature";
			sourceTree = "<group>";
		};
		FB4AA14129379DC20076FED9 /* Timer Composition */ = {
			isa = PBXGroup;
			children = (
				FB4AA13929378A460076FED9 /* TimerPresentationAdapter.swift */,
				FB4AA14229379DC90076FED9 /* TimerViewComposer.swift */,
				FB73E908293BA2A40087F9EF /* TimeCoachRoot.swift */,
				FB960C6D293D2BED00ECBAD5 /* Combine+Helpers.swift */,
				FB960C71293D462900ECBAD5 /* ToggleStrategy.swift */,
				FBED1E51293EE13F0061CAAF /* TimerView.swift */,
				FBED1E53293F7E980061CAAF /* UserNotificationDelegate.swift */,
			);
			path = "Timer Composition";
			sourceTree = "<group>";
		};
		FB4AA14429379E1F0076FED9 /* UI */ = {
			isa = PBXGroup;
			children = (
				FBE9A9DA2939653B00D8BF29 /* Styles */,
				FB4AA1372936F1730076FED9 /* TimerText.swift */,
				FBED1E4A293EDAD10061CAAF /* TimerControls.swift */,
				FBED1E4C293EDB3F0061CAAF /* TimerTextTimeLine.swift */,
			);
			path = UI;
			sourceTree = "<group>";
		};
		FB4AA15C2937C6D70076FED9 /* Timer Feature */ = {
			isa = PBXGroup;
			children = (
				FB4AA16B2937D7290076FED9 /* infra */,
				FB4AA16E2937D75A0076FED9 /* TimerCountdown.swift */,
				FB4AA16C2937D7340076FED9 /* LocalElapsedSeconds.swift */,
				FBDBAC4529762AC7009E440A /* TimerSave.swift */,
				FBDBAC4729762AD1009E440A /* TimerLoad.swift */,
				FB4AA1632937CD000076FED9 /* ElapsedSeconds.swift */,
				FBDBAC4D29762B1E009E440A /* LocalElapsedSeconds+ElapsedSeconds.swift */,
			);
			path = "Timer Feature";
			sourceTree = "<group>";
		};
		FB4AA16B2937D7290076FED9 /* infra */ = {
			isa = PBXGroup;
			children = (
				FB0F6BB229386184009405FE /* PomodoroLocalTimer.swift */,
				FBDBAC4929762AE5009E440A /* PomodoroLocalTimer+TimerSave.swift */,
				FBDBAC4B29762AFE009E440A /* PomodoroLocalTimer+TimerLoad.swift */,
			);
			path = infra;
			sourceTree = "<group>";
		};
		FB73E922293BAE490087F9EF /* TimerInfrastructureTests */ = {
			isa = PBXGroup;
			children = (
				FB4AA1712937DE810076FED9 /* PomodoroLocalTimerTests.swift */,
			);
			path = TimerInfrastructureTests;
			sourceTree = "<group>";
		};
		FB960C7E293D530900ECBAD5 /* Previews */ = {
			isa = PBXGroup;
			children = (
				FB960C7F293D532E00ECBAD5 /* PreviewTimer.swift */,
			);
			path = Previews;
			sourceTree = "<group>";
		};
		FBAD474628FC8BB0003D2F7A = {
			isa = PBXGroup;
			children = (
				FBAD475228FC8BB0003D2F7A /* LifeCoach */,
				FBAD475E28FC8BB0003D2F7A /* LifeCoachTests */,
				FB06B52E292BF71C00AE6079 /* LifeCoachWatchOS */,
				FBE9A9782939527C00D8BF29 /* TimeCoach Watch App */,
				FBE9A9892939527F00D8BF29 /* TimeCoach Watch AppTests */,
				FB73E922293BAE490087F9EF /* TimerInfrastructureTests */,
				FBAD475128FC8BB0003D2F7A /* Products */,
				FB0F6BB52938639F009405FE /* Frameworks */,
			);
			sourceTree = "<group>";
		};
		FBAD475128FC8BB0003D2F7A /* Products */ = {
			isa = PBXGroup;
			children = (
				FBAD475028FC8BB0003D2F7A /* LifeCoach.framework */,
				FBAD475A28FC8BB0003D2F7A /* LifeCoachTests.xctest */,
				FB06B52D292BF71C00AE6079 /* LifeCoachWatchOS.framework */,
				FBE9A96F2939527C00D8BF29 /* TimeCoach.app */,
				FBE9A9742939527C00D8BF29 /* TimeCoach Watch App.app */,
				FBE9A9862939527E00D8BF29 /* TimeCoach Watch AppTests.xctest */,
				FB73E921293BAE490087F9EF /* TimerInfrastructureTests.xctest */,
			);
			name = Products;
			sourceTree = "<group>";
		};
		FBAD475228FC8BB0003D2F7A /* LifeCoach */ = {
			isa = PBXGroup;
			children = (
				FBE9A9A92939538200D8BF29 /* Timer Presentation */,
				FB4AA15C2937C6D70076FED9 /* Timer Feature */,
				FB4AA1532937C0F30076FED9 /* ExtensionHelpers.swift */,
				FBAD475428FC8BB0003D2F7A /* LifeCoach.docc */,
			);
			path = LifeCoach;
			sourceTree = "<group>";
		};
		FBAD475E28FC8BB0003D2F7A /* LifeCoachTests */ = {
			isa = PBXGroup;
			children = (
				FBC9ADAD2919E8A700E0BEFC /* Helpers */,
				FB960C74293D484000ECBAD5 /* TimerPresentationTests.swift */,
			);
			path = LifeCoachTests;
			sourceTree = "<group>";
		};
		FBC9ADAD2919E8A700E0BEFC /* Helpers */ = {
			isa = PBXGroup;
			children = (
				FBC9ADAE2919E8B500E0BEFC /* XCTestCase+MemoryLeakTracking.swift */,
			);
			path = Helpers;
			sourceTree = "<group>";
		};
		FBE9A92E2939247A00D8BF29 /* TimerUI */ = {
			isa = PBXGroup;
			children = (
				FB4AA1322936EB9A0076FED9 /* TimerUIIntegrationTests.swift */,
				FBE9A9DD29396EA100D8BF29 /* TimeCoachAcceptanceTests.swift */,
			);
			path = TimerUI;
			sourceTree = "<group>";
		};
		FBE9A9782939527C00D8BF29 /* TimeCoach Watch App */ = {
			isa = PBXGroup;
			children = (
				FB960C7E293D530900ECBAD5 /* Previews */,
				FBE9A9DF293974FF00D8BF29 /* TimeCoach-Watch-App-Info.plist */,
				FBE9A9B22939579F00D8BF29 /* Resources */,
				FB4AA14129379DC20076FED9 /* Timer Composition */,
				FBE9A9792939527C00D8BF29 /* TimeCoachApp.swift */,
			);
			path = "TimeCoach Watch App";
			sourceTree = "<group>";
		};
		FBE9A9892939527F00D8BF29 /* TimeCoach Watch AppTests */ = {
			isa = PBXGroup;
			children = (
				FB4AA13B29379BC10076FED9 /* Helpers */,
				FBE9A92E2939247A00D8BF29 /* TimerUI */,
			);
			path = "TimeCoach Watch AppTests";
			sourceTree = "<group>";
		};
		FBE9A9A92939538200D8BF29 /* Timer Presentation */ = {
			isa = PBXGroup;
			children = (
				FBE9A9AA293953B700D8BF29 /* Helpers */,
				FB4AA14929379EDF0076FED9 /* TimerViewModel.swift */,
			);
			path = "Timer Presentation";
			sourceTree = "<group>";
		};
		FBE9A9AA293953B700D8BF29 /* Helpers */ = {
			isa = PBXGroup;
			children = (
				FB4AA1582937C3C50076FED9 /* Timer+DefaultStrings.swift */,
				FB4AA1562937C3970076FED9 /* Date+Formatters.swift */,
			);
			path = Helpers;
			sourceTree = "<group>";
		};
		FBE9A9B22939579F00D8BF29 /* Resources */ = {
			isa = PBXGroup;
			children = (
				FBE9A9C62939580E00D8BF29 /* Fonts */,
				FBE9A9802939527E00D8BF29 /* Preview Assets.xcassets */,
				FBE9A97D2939527E00D8BF29 /* Assets.xcassets */,
			);
			path = Resources;
			sourceTree = "<group>";
		};
		FBE9A9C62939580E00D8BF29 /* Fonts */ = {
			isa = PBXGroup;
			children = (
				FBE9A9C72939580E00D8BF29 /* pizzadude.dk License.txt */,
				FBE9A9C82939580E00D8BF29 /* DIGITALDREAMFAT.ttf */,
			);
			path = Fonts;
			sourceTree = "<group>";
		};
		FBE9A9DA2939653B00D8BF29 /* Styles */ = {
			isa = PBXGroup;
			children = (
				FBE9A9DB2939654400D8BF29 /* TimerLabelStyle.swift */,
			);
			path = Styles;
			sourceTree = "<group>";
		};
/* End PBXGroup section */

/* Begin PBXHeadersBuildPhase section */
		FB06B528292BF71C00AE6079 /* Headers */ = {
			isa = PBXHeadersBuildPhase;
			buildActionMask = 2147483647;
			files = (
			);
			runOnlyForDeploymentPostprocessing = 0;
		};
		FBAD474B28FC8BB0003D2F7A /* Headers */ = {
			isa = PBXHeadersBuildPhase;
			buildActionMask = 2147483647;
			files = (
			);
			runOnlyForDeploymentPostprocessing = 0;
		};
/* End PBXHeadersBuildPhase section */

/* Begin PBXNativeTarget section */
		FB06B52C292BF71C00AE6079 /* LifeCoachWatchOS */ = {
			isa = PBXNativeTarget;
			buildConfigurationList = FB06B542292BF71C00AE6079 /* Build configuration list for PBXNativeTarget "LifeCoachWatchOS" */;
			buildPhases = (
				FB06B528292BF71C00AE6079 /* Headers */,
				FB06B529292BF71C00AE6079 /* Sources */,
				FB06B52A292BF71C00AE6079 /* Frameworks */,
				FB06B52B292BF71C00AE6079 /* Resources */,
			);
			buildRules = (
			);
			dependencies = (
			);
			name = LifeCoachWatchOS;
			productName = LifeCoachWatchOS;
			productReference = FB06B52D292BF71C00AE6079 /* LifeCoachWatchOS.framework */;
			productType = "com.apple.product-type.framework";
		};
		FB73E920293BAE490087F9EF /* TimerInfrastructureTests */ = {
			isa = PBXNativeTarget;
			buildConfigurationList = FB73E92A293BAE490087F9EF /* Build configuration list for PBXNativeTarget "TimerInfrastructureTests" */;
			buildPhases = (
				FB73E91D293BAE490087F9EF /* Sources */,
				FB73E91E293BAE490087F9EF /* Frameworks */,
				FB73E91F293BAE490087F9EF /* Resources */,
			);
			buildRules = (
			);
			dependencies = (
				FB73E927293BAE490087F9EF /* PBXTargetDependency */,
			);
			name = TimerInfrastructureTests;
			productName = TimerInfrastructureTests;
			productReference = FB73E921293BAE490087F9EF /* TimerInfrastructureTests.xctest */;
			productType = "com.apple.product-type.bundle.unit-test";
		};
		FBAD474F28FC8BB0003D2F7A /* LifeCoach */ = {
			isa = PBXNativeTarget;
			buildConfigurationList = FBAD476428FC8BB0003D2F7A /* Build configuration list for PBXNativeTarget "LifeCoach" */;
			buildPhases = (
				FBAD474B28FC8BB0003D2F7A /* Headers */,
				FBAD474C28FC8BB0003D2F7A /* Sources */,
				FBAD474D28FC8BB0003D2F7A /* Frameworks */,
				FBAD474E28FC8BB0003D2F7A /* Resources */,
			);
			buildRules = (
			);
			dependencies = (
			);
			name = LifeCoach;
			productName = LifeCoach;
			productReference = FBAD475028FC8BB0003D2F7A /* LifeCoach.framework */;
			productType = "com.apple.product-type.framework";
		};
		FBAD475928FC8BB0003D2F7A /* LifeCoachTests */ = {
			isa = PBXNativeTarget;
			buildConfigurationList = FBAD476728FC8BB0003D2F7A /* Build configuration list for PBXNativeTarget "LifeCoachTests" */;
			buildPhases = (
				FBAD475628FC8BB0003D2F7A /* Sources */,
				FBAD475728FC8BB0003D2F7A /* Frameworks */,
				FBAD475828FC8BB0003D2F7A /* Resources */,
			);
			buildRules = (
			);
			dependencies = (
				FBAD475D28FC8BB0003D2F7A /* PBXTargetDependency */,
			);
			name = LifeCoachTests;
			productName = LifeCoachTests;
			productReference = FBAD475A28FC8BB0003D2F7A /* LifeCoachTests.xctest */;
			productType = "com.apple.product-type.bundle.unit-test";
		};
		FBE9A96E2939527B00D8BF29 /* TimeCoach */ = {
			isa = PBXNativeTarget;
			buildConfigurationList = FBE9A9A22939528000D8BF29 /* Build configuration list for PBXNativeTarget "TimeCoach" */;
			buildPhases = (
				FBE9A96D2939527B00D8BF29 /* Resources */,
				FBE9A99A2939528000D8BF29 /* Embed Watch Content */,
			);
			buildRules = (
			);
			dependencies = (
				FBE9A9772939527C00D8BF29 /* PBXTargetDependency */,
			);
			name = TimeCoach;
			productName = TimeCoach;
			productReference = FBE9A96F2939527C00D8BF29 /* TimeCoach.app */;
			productType = "com.apple.product-type.application.watchapp2-container";
		};
		FBE9A9732939527C00D8BF29 /* TimeCoach Watch App */ = {
			isa = PBXNativeTarget;
			buildConfigurationList = FBE9A9A12939528000D8BF29 /* Build configuration list for PBXNativeTarget "TimeCoach Watch App" */;
			buildPhases = (
				FBE9A9702939527C00D8BF29 /* Sources */,
				FBE9A9712939527C00D8BF29 /* Frameworks */,
				FBE9A9722939527C00D8BF29 /* Resources */,
				FBAA4CB4293DB20E00B3BBF1 /* Embed Frameworks */,
			);
			buildRules = (
			);
			dependencies = (
				FBE9A9AE2939543600D8BF29 /* PBXTargetDependency */,
				FBAA4CB8293DB24700B3BBF1 /* PBXTargetDependency */,
			);
			name = "TimeCoach Watch App";
			productName = "TimeCoach Watch App";
			productReference = FBE9A9742939527C00D8BF29 /* TimeCoach Watch App.app */;
			productType = "com.apple.product-type.application";
		};
		FBE9A9852939527E00D8BF29 /* TimeCoach Watch AppTests */ = {
			isa = PBXNativeTarget;
			buildConfigurationList = FBE9A9A32939528000D8BF29 /* Build configuration list for PBXNativeTarget "TimeCoach Watch AppTests" */;
			buildPhases = (
				FBE9A9822939527E00D8BF29 /* Sources */,
				FBE9A9832939527E00D8BF29 /* Frameworks */,
				FBE9A9842939527E00D8BF29 /* Resources */,
			);
			buildRules = (
			);
			dependencies = (
				FBE9A9882939527E00D8BF29 /* PBXTargetDependency */,
			);
			name = "TimeCoach Watch AppTests";
			packageProductDependencies = (
				FBE9A9B02939552400D8BF29 /* ViewInspector */,
			);
			productName = "TimeCoach Watch AppTests";
			productReference = FBE9A9862939527E00D8BF29 /* TimeCoach Watch AppTests.xctest */;
			productType = "com.apple.product-type.bundle.unit-test";
		};
/* End PBXNativeTarget section */

/* Begin PBXProject section */
		FBAD474728FC8BB0003D2F7A /* Project object */ = {
			isa = PBXProject;
			attributes = {
				BuildIndependentTargetsInParallel = 1;
				LastSwiftUpdateCheck = 1400;
				LastUpgradeCheck = 1410;
				TargetAttributes = {
					FB06B52C292BF71C00AE6079 = {
						CreatedOnToolsVersion = 14.0;
					};
					FB73E920293BAE490087F9EF = {
						CreatedOnToolsVersion = 14.0;
					};
					FBAD474F28FC8BB0003D2F7A = {
						CreatedOnToolsVersion = 14.0;
					};
					FBAD475928FC8BB0003D2F7A = {
						CreatedOnToolsVersion = 14.0;
						LastSwiftMigration = 1400;
					};
					FBE9A96E2939527B00D8BF29 = {
						CreatedOnToolsVersion = 14.0;
					};
					FBE9A9732939527C00D8BF29 = {
						CreatedOnToolsVersion = 14.0;
					};
					FBE9A9852939527E00D8BF29 = {
						CreatedOnToolsVersion = 14.0;
						TestTargetID = FBE9A9732939527C00D8BF29;
					};
				};
			};
			buildConfigurationList = FBAD474A28FC8BB0003D2F7A /* Build configuration list for PBXProject "LifeCoach" */;
			compatibilityVersion = "Xcode 14.0";
			developmentRegion = en;
			hasScannedForEncodings = 0;
			knownRegions = (
				en,
				Base,
			);
			mainGroup = FBAD474628FC8BB0003D2F7A;
			packageReferences = (
				FB4AA1342936ECD10076FED9 /* XCRemoteSwiftPackageReference "ViewInspector" */,
			);
			productRefGroup = FBAD475128FC8BB0003D2F7A /* Products */;
			projectDirPath = "";
			projectRoot = "";
			targets = (
				FBAD474F28FC8BB0003D2F7A /* LifeCoach */,
				FBAD475928FC8BB0003D2F7A /* LifeCoachTests */,
				FB06B52C292BF71C00AE6079 /* LifeCoachWatchOS */,
				FBE9A96E2939527B00D8BF29 /* TimeCoach */,
				FBE9A9732939527C00D8BF29 /* TimeCoach Watch App */,
				FBE9A9852939527E00D8BF29 /* TimeCoach Watch AppTests */,
				FB73E920293BAE490087F9EF /* TimerInfrastructureTests */,
			);
		};
/* End PBXProject section */

/* Begin PBXResourcesBuildPhase section */
		FB06B52B292BF71C00AE6079 /* Resources */ = {
			isa = PBXResourcesBuildPhase;
			buildActionMask = 2147483647;
			files = (
			);
			runOnlyForDeploymentPostprocessing = 0;
		};
		FB73E91F293BAE490087F9EF /* Resources */ = {
			isa = PBXResourcesBuildPhase;
			buildActionMask = 2147483647;
			files = (
			);
			runOnlyForDeploymentPostprocessing = 0;
		};
		FBAD474E28FC8BB0003D2F7A /* Resources */ = {
			isa = PBXResourcesBuildPhase;
			buildActionMask = 2147483647;
			files = (
			);
			runOnlyForDeploymentPostprocessing = 0;
		};
		FBAD475828FC8BB0003D2F7A /* Resources */ = {
			isa = PBXResourcesBuildPhase;
			buildActionMask = 2147483647;
			files = (
			);
			runOnlyForDeploymentPostprocessing = 0;
		};
		FBE9A96D2939527B00D8BF29 /* Resources */ = {
			isa = PBXResourcesBuildPhase;
			buildActionMask = 2147483647;
			files = (
			);
			runOnlyForDeploymentPostprocessing = 0;
		};
		FBE9A9722939527C00D8BF29 /* Resources */ = {
			isa = PBXResourcesBuildPhase;
			buildActionMask = 2147483647;
			files = (
				FBE9A9812939527E00D8BF29 /* Preview Assets.xcassets in Resources */,
				FBE9A9D12939580E00D8BF29 /* DIGITALDREAMFAT.ttf in Resources */,
				FBE9A9D02939580E00D8BF29 /* pizzadude.dk License.txt in Resources */,
				FBE9A97E2939527E00D8BF29 /* Assets.xcassets in Resources */,
			);
			runOnlyForDeploymentPostprocessing = 0;
		};
		FBE9A9842939527E00D8BF29 /* Resources */ = {
			isa = PBXResourcesBuildPhase;
			buildActionMask = 2147483647;
			files = (
			);
			runOnlyForDeploymentPostprocessing = 0;
		};
/* End PBXResourcesBuildPhase section */

/* Begin PBXSourcesBuildPhase section */
		FB06B529292BF71C00AE6079 /* Sources */ = {
			isa = PBXSourcesBuildPhase;
			buildActionMask = 2147483647;
			files = (
				FB4AA1382936F1730076FED9 /* TimerText.swift in Sources */,
				FBED1E4D293EDB3F0061CAAF /* TimerTextTimeLine.swift in Sources */,
				FBE9A9DC2939654400D8BF29 /* TimerLabelStyle.swift in Sources */,
				FBED1E4B293EDAD10061CAAF /* TimerControls.swift in Sources */,
			);
			runOnlyForDeploymentPostprocessing = 0;
		};
		FB73E91D293BAE490087F9EF /* Sources */ = {
			isa = PBXSourcesBuildPhase;
			buildActionMask = 2147483647;
			files = (
				FB73E92B293BAE4F0087F9EF /* PomodoroLocalTimerTests.swift in Sources */,
				FB73E92C293BAEEB0087F9EF /* XCTestCase+MemoryLeakTracking.swift in Sources */,
			);
			runOnlyForDeploymentPostprocessing = 0;
		};
		FBAD474C28FC8BB0003D2F7A /* Sources */ = {
			isa = PBXSourcesBuildPhase;
			buildActionMask = 2147483647;
			files = (
				FB960C77293D48D200ECBAD5 /* Timer+DefaultStrings.swift in Sources */,
				FB960C76293D48CB00ECBAD5 /* TimerViewModel.swift in Sources */,
				FBDBAC4829762AD1009E440A /* TimerLoad.swift in Sources */,
				FBDBAC4A29762AE5009E440A /* PomodoroLocalTimer+TimerSave.swift in Sources */,
				FB4AA16D2937D7340076FED9 /* LocalElapsedSeconds.swift in Sources */,
				FB0F6BB329386184009405FE /* PomodoroLocalTimer.swift in Sources */,
				FB4AA1642937CD000076FED9 /* ElapsedSeconds.swift in Sources */,
				FBAD475528FC8BB0003D2F7A /* LifeCoach.docc in Sources */,
				FBDBAC4629762AC7009E440A /* TimerSave.swift in Sources */,
				FB960C78293D48D800ECBAD5 /* Date+Formatters.swift in Sources */,
				FBDBAC4C29762AFE009E440A /* PomodoroLocalTimer+TimerLoad.swift in Sources */,
				FB4AA1542937C0F30076FED9 /* ExtensionHelpers.swift in Sources */,
				FB4AA16F2937D75A0076FED9 /* TimerCountdown.swift in Sources */,
				FBDBAC4E29762B1E009E440A /* LocalElapsedSeconds+ElapsedSeconds.swift in Sources */,
			);
			runOnlyForDeploymentPostprocessing = 0;
		};
		FBAD475628FC8BB0003D2F7A /* Sources */ = {
			isa = PBXSourcesBuildPhase;
			buildActionMask = 2147483647;
			files = (
				FBC9ADAF2919E8B500E0BEFC /* XCTestCase+MemoryLeakTracking.swift in Sources */,
				FB960C75293D484000ECBAD5 /* TimerPresentationTests.swift in Sources */,
			);
			runOnlyForDeploymentPostprocessing = 0;
		};
		FBE9A9702939527C00D8BF29 /* Sources */ = {
			isa = PBXSourcesBuildPhase;
			buildActionMask = 2147483647;
			files = (
				FBED1E52293EE13F0061CAAF /* TimerView.swift in Sources */,
				FBE9A9A72939534000D8BF29 /* TimerPresentationAdapter.swift in Sources */,
				FBED1E54293F7E980061CAAF /* UserNotificationDelegate.swift in Sources */,
				FBE9A9A82939535800D8BF29 /* TimerViewComposer.swift in Sources */,
				FB960C6E293D2BED00ECBAD5 /* Combine+Helpers.swift in Sources */,
				FB960C72293D462900ECBAD5 /* ToggleStrategy.swift in Sources */,
				FBE9A97A2939527C00D8BF29 /* TimeCoachApp.swift in Sources */,
				FB960C80293D532E00ECBAD5 /* PreviewTimer.swift in Sources */,
				FB73E909293BA2A40087F9EF /* TimeCoachRoot.swift in Sources */,
			);
			runOnlyForDeploymentPostprocessing = 0;
		};
		FBE9A9822939527E00D8BF29 /* Sources */ = {
			isa = PBXSourcesBuildPhase;
			buildActionMask = 2147483647;
			files = (
				FBE9A9DE29396EA100D8BF29 /* TimeCoachAcceptanceTests.swift in Sources */,
				FBE9A9A5293952EB00D8BF29 /* TimerUIIntegrationTests.swift in Sources */,
				FBE9A9A6293952EE00D8BF29 /* TimerView+Simulations.swift in Sources */,
				FBC612F3293AC2ED008D9EF8 /* TimerCountDownSpy.swift in Sources */,
				FB960C73293D479800ECBAD5 /* XCTestCase+MemoryLeakTracking.swift in Sources */,
			);
			runOnlyForDeploymentPostprocessing = 0;
		};
/* End PBXSourcesBuildPhase section */

/* Begin PBXTargetDependency section */
		FB73E927293BAE490087F9EF /* PBXTargetDependency */ = {
			isa = PBXTargetDependency;
			target = FBAD474F28FC8BB0003D2F7A /* LifeCoach */;
			targetProxy = FB73E926293BAE490087F9EF /* PBXContainerItemProxy */;
		};
		FBAA4CB8293DB24700B3BBF1 /* PBXTargetDependency */ = {
			isa = PBXTargetDependency;
			target = FBAD474F28FC8BB0003D2F7A /* LifeCoach */;
			targetProxy = FBAA4CB7293DB24700B3BBF1 /* PBXContainerItemProxy */;
		};
		FBAD475D28FC8BB0003D2F7A /* PBXTargetDependency */ = {
			isa = PBXTargetDependency;
			target = FBAD474F28FC8BB0003D2F7A /* LifeCoach */;
			targetProxy = FBAD475C28FC8BB0003D2F7A /* PBXContainerItemProxy */;
		};
		FBE9A9772939527C00D8BF29 /* PBXTargetDependency */ = {
			isa = PBXTargetDependency;
			target = FBE9A9732939527C00D8BF29 /* TimeCoach Watch App */;
			targetProxy = FBE9A9762939527C00D8BF29 /* PBXContainerItemProxy */;
		};
		FBE9A9882939527E00D8BF29 /* PBXTargetDependency */ = {
			isa = PBXTargetDependency;
			target = FBE9A9732939527C00D8BF29 /* TimeCoach Watch App */;
			targetProxy = FBE9A9872939527E00D8BF29 /* PBXContainerItemProxy */;
		};
		FBE9A9AE2939543600D8BF29 /* PBXTargetDependency */ = {
			isa = PBXTargetDependency;
			target = FB06B52C292BF71C00AE6079 /* LifeCoachWatchOS */;
			targetProxy = FBE9A9AD2939543600D8BF29 /* PBXContainerItemProxy */;
		};
/* End PBXTargetDependency section */

/* Begin XCBuildConfiguration section */
		FB06B53E292BF71C00AE6079 /* Debug */ = {
			isa = XCBuildConfiguration;
			buildSettings = {
				CODE_SIGN_STYLE = Automatic;
				CURRENT_PROJECT_VERSION = 1;
				DEFINES_MODULE = YES;
				DEVELOPMENT_TEAM = AEWQUX8MPM;
				DYLIB_COMPATIBILITY_VERSION = 1;
				DYLIB_CURRENT_VERSION = 1;
				DYLIB_INSTALL_NAME_BASE = "@rpath";
				GENERATE_INFOPLIST_FILE = YES;
				INFOPLIST_KEY_NSHumanReadableCopyright = "";
				INSTALL_PATH = "$(LOCAL_LIBRARY_DIR)/Frameworks";
				LD_RUNPATH_SEARCH_PATHS = (
					"$(inherited)",
					"@executable_path/Frameworks",
					"@loader_path/Frameworks",
				);
				MACH_O_TYPE = staticlib;
				MARKETING_VERSION = 1.0;
				PRODUCT_BUNDLE_IDENTIFIER = com.TimeCoach.LifeCoachWatchOS;
				PRODUCT_NAME = "$(TARGET_NAME:c99extidentifier)";
				SDKROOT = watchos;
				SKIP_INSTALL = YES;
				SWIFT_EMIT_LOC_STRINGS = YES;
				SWIFT_VERSION = 5.0;
				TARGETED_DEVICE_FAMILY = 4;
				WATCHOS_DEPLOYMENT_TARGET = 9.0;
			};
			name = Debug;
		};
		FB06B53F292BF71C00AE6079 /* Release */ = {
			isa = XCBuildConfiguration;
			buildSettings = {
				CODE_SIGN_STYLE = Automatic;
				CURRENT_PROJECT_VERSION = 1;
				DEFINES_MODULE = YES;
				DEVELOPMENT_TEAM = AEWQUX8MPM;
				DYLIB_COMPATIBILITY_VERSION = 1;
				DYLIB_CURRENT_VERSION = 1;
				DYLIB_INSTALL_NAME_BASE = "@rpath";
				GENERATE_INFOPLIST_FILE = YES;
				INFOPLIST_KEY_NSHumanReadableCopyright = "";
				INSTALL_PATH = "$(LOCAL_LIBRARY_DIR)/Frameworks";
				LD_RUNPATH_SEARCH_PATHS = (
					"$(inherited)",
					"@executable_path/Frameworks",
					"@loader_path/Frameworks",
				);
				MACH_O_TYPE = staticlib;
				MARKETING_VERSION = 1.0;
				PRODUCT_BUNDLE_IDENTIFIER = com.TimeCoach.LifeCoachWatchOS;
				PRODUCT_NAME = "$(TARGET_NAME:c99extidentifier)";
				SDKROOT = watchos;
				SKIP_INSTALL = YES;
				SWIFT_EMIT_LOC_STRINGS = YES;
				SWIFT_VERSION = 5.0;
				TARGETED_DEVICE_FAMILY = 4;
				VALIDATE_PRODUCT = YES;
				WATCHOS_DEPLOYMENT_TARGET = 9.0;
			};
			name = Release;
		};
		FB73E928293BAE490087F9EF /* Debug */ = {
			isa = XCBuildConfiguration;
			buildSettings = {
				CODE_SIGN_STYLE = Automatic;
				CURRENT_PROJECT_VERSION = 1;
				DEAD_CODE_STRIPPING = YES;
				DEVELOPMENT_TEAM = AEWQUX8MPM;
				GENERATE_INFOPLIST_FILE = YES;
				MARKETING_VERSION = 1.0;
				PRODUCT_BUNDLE_IDENTIFIER = com.timeCoach.TimerInfrastructureTests;
				PRODUCT_NAME = "$(TARGET_NAME)";
				SWIFT_EMIT_LOC_STRINGS = NO;
				SWIFT_VERSION = 5.0;
			};
			name = Debug;
		};
		FB73E929293BAE490087F9EF /* Release */ = {
			isa = XCBuildConfiguration;
			buildSettings = {
				CODE_SIGN_STYLE = Automatic;
				CURRENT_PROJECT_VERSION = 1;
				DEAD_CODE_STRIPPING = YES;
				DEVELOPMENT_TEAM = AEWQUX8MPM;
				GENERATE_INFOPLIST_FILE = YES;
				MARKETING_VERSION = 1.0;
				PRODUCT_BUNDLE_IDENTIFIER = com.timeCoach.TimerInfrastructureTests;
				PRODUCT_NAME = "$(TARGET_NAME)";
				SWIFT_EMIT_LOC_STRINGS = NO;
				SWIFT_VERSION = 5.0;
			};
			name = Release;
		};
		FBAD476228FC8BB0003D2F7A /* Debug */ = {
			isa = XCBuildConfiguration;
			buildSettings = {
				ALWAYS_SEARCH_USER_PATHS = NO;
				CLANG_ANALYZER_NONNULL = YES;
				CLANG_ANALYZER_NUMBER_OBJECT_CONVERSION = YES_AGGRESSIVE;
				CLANG_CXX_LANGUAGE_STANDARD = "gnu++20";
				CLANG_ENABLE_MODULES = YES;
				CLANG_ENABLE_OBJC_ARC = YES;
				CLANG_ENABLE_OBJC_WEAK = YES;
				CLANG_WARN_BLOCK_CAPTURE_AUTORELEASING = YES;
				CLANG_WARN_BOOL_CONVERSION = YES;
				CLANG_WARN_COMMA = YES;
				CLANG_WARN_CONSTANT_CONVERSION = YES;
				CLANG_WARN_DEPRECATED_OBJC_IMPLEMENTATIONS = YES;
				CLANG_WARN_DIRECT_OBJC_ISA_USAGE = YES_ERROR;
				CLANG_WARN_DOCUMENTATION_COMMENTS = YES;
				CLANG_WARN_EMPTY_BODY = YES;
				CLANG_WARN_ENUM_CONVERSION = YES;
				CLANG_WARN_INFINITE_RECURSION = YES;
				CLANG_WARN_INT_CONVERSION = YES;
				CLANG_WARN_NON_LITERAL_NULL_CONVERSION = YES;
				CLANG_WARN_OBJC_IMPLICIT_RETAIN_SELF = YES;
				CLANG_WARN_OBJC_LITERAL_CONVERSION = YES;
				CLANG_WARN_OBJC_ROOT_CLASS = YES_ERROR;
				CLANG_WARN_QUOTED_INCLUDE_IN_FRAMEWORK_HEADER = YES;
				CLANG_WARN_RANGE_LOOP_ANALYSIS = YES;
				CLANG_WARN_STRICT_PROTOTYPES = YES;
				CLANG_WARN_SUSPICIOUS_MOVE = YES;
				CLANG_WARN_UNGUARDED_AVAILABILITY = YES_AGGRESSIVE;
				CLANG_WARN_UNREACHABLE_CODE = YES;
				CLANG_WARN__DUPLICATE_METHOD_MATCH = YES;
				COPY_PHASE_STRIP = NO;
				CURRENT_PROJECT_VERSION = 1;
				DEAD_CODE_STRIPPING = YES;
				DEBUG_INFORMATION_FORMAT = dwarf;
				ENABLE_STRICT_OBJC_MSGSEND = YES;
				ENABLE_TESTABILITY = YES;
				GCC_C_LANGUAGE_STANDARD = gnu11;
				GCC_DYNAMIC_NO_PIC = NO;
				GCC_NO_COMMON_BLOCKS = YES;
				GCC_OPTIMIZATION_LEVEL = 0;
				GCC_PREPROCESSOR_DEFINITIONS = (
					"DEBUG=1",
					"$(inherited)",
				);
				GCC_WARN_64_TO_32_BIT_CONVERSION = YES;
				GCC_WARN_ABOUT_RETURN_TYPE = YES_ERROR;
				GCC_WARN_UNDECLARED_SELECTOR = YES;
				GCC_WARN_UNINITIALIZED_AUTOS = YES_AGGRESSIVE;
				GCC_WARN_UNUSED_FUNCTION = YES;
				GCC_WARN_UNUSED_VARIABLE = YES;
				MACOSX_DEPLOYMENT_TARGET = 12.3;
				MTL_ENABLE_DEBUG_INFO = INCLUDE_SOURCE;
				MTL_FAST_MATH = YES;
				ONLY_ACTIVE_ARCH = YES;
				SDKROOT = macosx;
				SWIFT_ACTIVE_COMPILATION_CONDITIONS = DEBUG;
				SWIFT_OPTIMIZATION_LEVEL = "-Onone";
				VERSIONING_SYSTEM = "apple-generic";
				VERSION_INFO_PREFIX = "";
			};
			name = Debug;
		};
		FBAD476328FC8BB0003D2F7A /* Release */ = {
			isa = XCBuildConfiguration;
			buildSettings = {
				ALWAYS_SEARCH_USER_PATHS = NO;
				CLANG_ANALYZER_NONNULL = YES;
				CLANG_ANALYZER_NUMBER_OBJECT_CONVERSION = YES_AGGRESSIVE;
				CLANG_CXX_LANGUAGE_STANDARD = "gnu++20";
				CLANG_ENABLE_MODULES = YES;
				CLANG_ENABLE_OBJC_ARC = YES;
				CLANG_ENABLE_OBJC_WEAK = YES;
				CLANG_WARN_BLOCK_CAPTURE_AUTORELEASING = YES;
				CLANG_WARN_BOOL_CONVERSION = YES;
				CLANG_WARN_COMMA = YES;
				CLANG_WARN_CONSTANT_CONVERSION = YES;
				CLANG_WARN_DEPRECATED_OBJC_IMPLEMENTATIONS = YES;
				CLANG_WARN_DIRECT_OBJC_ISA_USAGE = YES_ERROR;
				CLANG_WARN_DOCUMENTATION_COMMENTS = YES;
				CLANG_WARN_EMPTY_BODY = YES;
				CLANG_WARN_ENUM_CONVERSION = YES;
				CLANG_WARN_INFINITE_RECURSION = YES;
				CLANG_WARN_INT_CONVERSION = YES;
				CLANG_WARN_NON_LITERAL_NULL_CONVERSION = YES;
				CLANG_WARN_OBJC_IMPLICIT_RETAIN_SELF = YES;
				CLANG_WARN_OBJC_LITERAL_CONVERSION = YES;
				CLANG_WARN_OBJC_ROOT_CLASS = YES_ERROR;
				CLANG_WARN_QUOTED_INCLUDE_IN_FRAMEWORK_HEADER = YES;
				CLANG_WARN_RANGE_LOOP_ANALYSIS = YES;
				CLANG_WARN_STRICT_PROTOTYPES = YES;
				CLANG_WARN_SUSPICIOUS_MOVE = YES;
				CLANG_WARN_UNGUARDED_AVAILABILITY = YES_AGGRESSIVE;
				CLANG_WARN_UNREACHABLE_CODE = YES;
				CLANG_WARN__DUPLICATE_METHOD_MATCH = YES;
				COPY_PHASE_STRIP = NO;
				CURRENT_PROJECT_VERSION = 1;
				DEAD_CODE_STRIPPING = YES;
				DEBUG_INFORMATION_FORMAT = "dwarf-with-dsym";
				ENABLE_NS_ASSERTIONS = NO;
				ENABLE_STRICT_OBJC_MSGSEND = YES;
				GCC_C_LANGUAGE_STANDARD = gnu11;
				GCC_NO_COMMON_BLOCKS = YES;
				GCC_WARN_64_TO_32_BIT_CONVERSION = YES;
				GCC_WARN_ABOUT_RETURN_TYPE = YES_ERROR;
				GCC_WARN_UNDECLARED_SELECTOR = YES;
				GCC_WARN_UNINITIALIZED_AUTOS = YES_AGGRESSIVE;
				GCC_WARN_UNUSED_FUNCTION = YES;
				GCC_WARN_UNUSED_VARIABLE = YES;
				MACOSX_DEPLOYMENT_TARGET = 12.3;
				MTL_ENABLE_DEBUG_INFO = NO;
				MTL_FAST_MATH = YES;
				SDKROOT = macosx;
				SWIFT_COMPILATION_MODE = wholemodule;
				SWIFT_OPTIMIZATION_LEVEL = "-O";
				VERSIONING_SYSTEM = "apple-generic";
				VERSION_INFO_PREFIX = "";
			};
			name = Release;
		};
		FBAD476528FC8BB0003D2F7A /* Debug */ = {
			isa = XCBuildConfiguration;
			buildSettings = {
				CODE_SIGN_STYLE = Automatic;
				COMBINE_HIDPI_IMAGES = YES;
				CURRENT_PROJECT_VERSION = 1;
				DEAD_CODE_STRIPPING = YES;
				DEFINES_MODULE = YES;
				DEVELOPMENT_TEAM = 4HZSC8HC43;
				DYLIB_COMPATIBILITY_VERSION = 1;
				DYLIB_CURRENT_VERSION = 1;
				DYLIB_INSTALL_NAME_BASE = "@rpath";
				GENERATE_INFOPLIST_FILE = YES;
				INFOPLIST_KEY_NSHumanReadableCopyright = "";
				INSTALL_PATH = "$(LOCAL_LIBRARY_DIR)/Frameworks";
				LD_RUNPATH_SEARCH_PATHS = (
					"$(inherited)",
					"@executable_path/../Frameworks",
					"@loader_path/Frameworks",
				);
				MACH_O_TYPE = staticlib;
				MARKETING_VERSION = 1.0;
				PRODUCT_BUNDLE_IDENTIFIER = com.sonar.LifeCoach;
				PRODUCT_NAME = "$(TARGET_NAME:c99extidentifier)";
				SKIP_INSTALL = YES;
				SUPPORTED_PLATFORMS = "macosx watchos watchsimulator";
				SUPPORTS_MACCATALYST = NO;
				SUPPORTS_MAC_DESIGNED_FOR_IPHONE_IPAD = NO;
				SWIFT_EMIT_LOC_STRINGS = YES;
				SWIFT_VERSION = 5.0;
				TARGETED_DEVICE_FAMILY = 4;
				WATCHOS_DEPLOYMENT_TARGET = 9.0;
			};
			name = Debug;
		};
		FBAD476628FC8BB0003D2F7A /* Release */ = {
			isa = XCBuildConfiguration;
			buildSettings = {
				CODE_SIGN_STYLE = Automatic;
				COMBINE_HIDPI_IMAGES = YES;
				CURRENT_PROJECT_VERSION = 1;
				DEAD_CODE_STRIPPING = YES;
				DEFINES_MODULE = YES;
				DEVELOPMENT_TEAM = 4HZSC8HC43;
				DYLIB_COMPATIBILITY_VERSION = 1;
				DYLIB_CURRENT_VERSION = 1;
				DYLIB_INSTALL_NAME_BASE = "@rpath";
				GENERATE_INFOPLIST_FILE = YES;
				INFOPLIST_KEY_NSHumanReadableCopyright = "";
				INSTALL_PATH = "$(LOCAL_LIBRARY_DIR)/Frameworks";
				LD_RUNPATH_SEARCH_PATHS = (
					"$(inherited)",
					"@executable_path/../Frameworks",
					"@loader_path/Frameworks",
				);
				MACH_O_TYPE = staticlib;
				MARKETING_VERSION = 1.0;
				PRODUCT_BUNDLE_IDENTIFIER = com.sonar.LifeCoach;
				PRODUCT_NAME = "$(TARGET_NAME:c99extidentifier)";
				SKIP_INSTALL = YES;
				SUPPORTED_PLATFORMS = "macosx watchos watchsimulator";
				SUPPORTS_MACCATALYST = NO;
				SUPPORTS_MAC_DESIGNED_FOR_IPHONE_IPAD = NO;
				SWIFT_EMIT_LOC_STRINGS = YES;
				SWIFT_VERSION = 5.0;
				TARGETED_DEVICE_FAMILY = 4;
				WATCHOS_DEPLOYMENT_TARGET = 9.0;
			};
			name = Release;
		};
		FBAD476828FC8BB0003D2F7A /* Debug */ = {
			isa = XCBuildConfiguration;
			buildSettings = {
				ALWAYS_EMBED_SWIFT_STANDARD_LIBRARIES = YES;
				CLANG_ENABLE_MODULES = YES;
				CODE_SIGN_STYLE = Automatic;
				CURRENT_PROJECT_VERSION = 1;
				DEAD_CODE_STRIPPING = YES;
				DEVELOPMENT_TEAM = 4HZSC8HC43;
				GENERATE_INFOPLIST_FILE = YES;
				LD_RUNPATH_SEARCH_PATHS = (
					"$(inherited)",
					"@executable_path/../Frameworks",
					"@loader_path/../Frameworks",
				);
				MARKETING_VERSION = 1.0;
				PRODUCT_BUNDLE_IDENTIFIER = com.sonar.LifeCoachTests;
				PRODUCT_NAME = "$(TARGET_NAME)";
				SUPPORTED_PLATFORMS = "macosx watchos watchsimulator";
				SUPPORTS_MACCATALYST = NO;
				SUPPORTS_MAC_DESIGNED_FOR_IPHONE_IPAD = NO;
				SWIFT_EMIT_LOC_STRINGS = NO;
				SWIFT_OPTIMIZATION_LEVEL = "-Onone";
				SWIFT_VERSION = 5.0;
				TARGETED_DEVICE_FAMILY = 4;
			};
			name = Debug;
		};
		FBAD476928FC8BB0003D2F7A /* Release */ = {
			isa = XCBuildConfiguration;
			buildSettings = {
				ALWAYS_EMBED_SWIFT_STANDARD_LIBRARIES = YES;
				CLANG_ENABLE_MODULES = YES;
				CODE_SIGN_STYLE = Automatic;
				CURRENT_PROJECT_VERSION = 1;
				DEAD_CODE_STRIPPING = YES;
				DEVELOPMENT_TEAM = 4HZSC8HC43;
				GENERATE_INFOPLIST_FILE = YES;
				LD_RUNPATH_SEARCH_PATHS = (
					"$(inherited)",
					"@executable_path/../Frameworks",
					"@loader_path/../Frameworks",
				);
				MARKETING_VERSION = 1.0;
				PRODUCT_BUNDLE_IDENTIFIER = com.sonar.LifeCoachTests;
				PRODUCT_NAME = "$(TARGET_NAME)";
				SUPPORTED_PLATFORMS = "macosx watchos watchsimulator";
				SUPPORTS_MACCATALYST = NO;
				SUPPORTS_MAC_DESIGNED_FOR_IPHONE_IPAD = NO;
				SWIFT_EMIT_LOC_STRINGS = NO;
				SWIFT_VERSION = 5.0;
				TARGETED_DEVICE_FAMILY = 4;
			};
			name = Release;
		};
		FBE9A9982939528000D8BF29 /* Debug */ = {
			isa = XCBuildConfiguration;
			buildSettings = {
				ALWAYS_EMBED_SWIFT_STANDARD_LIBRARIES = YES;
				CODE_SIGN_STYLE = Automatic;
				CURRENT_PROJECT_VERSION = 2;
				DEVELOPMENT_TEAM = AEWQUX8MPM;
				INFOPLIST_KEY_CFBundleDisplayName = TimeCoach;
				MARKETING_VERSION = 1.0;
				PRODUCT_BUNDLE_IDENTIFIER = com.timeCoach.TimeCoach;
				PRODUCT_NAME = "$(TARGET_NAME)";
				SDKROOT = iphoneos;
				SWIFT_VERSION = 5.0;
			};
			name = Debug;
		};
		FBE9A9992939528000D8BF29 /* Release */ = {
			isa = XCBuildConfiguration;
			buildSettings = {
				ALWAYS_EMBED_SWIFT_STANDARD_LIBRARIES = YES;
				CODE_SIGN_STYLE = Automatic;
				CURRENT_PROJECT_VERSION = 2;
				DEVELOPMENT_TEAM = AEWQUX8MPM;
				INFOPLIST_KEY_CFBundleDisplayName = TimeCoach;
				MARKETING_VERSION = 1.0;
				PRODUCT_BUNDLE_IDENTIFIER = com.timeCoach.TimeCoach;
				PRODUCT_NAME = "$(TARGET_NAME)";
				SDKROOT = iphoneos;
				SWIFT_VERSION = 5.0;
				VALIDATE_PRODUCT = YES;
			};
			name = Release;
		};
		FBE9A99B2939528000D8BF29 /* Debug */ = {
			isa = XCBuildConfiguration;
			buildSettings = {
				ASSETCATALOG_COMPILER_APPICON_NAME = AppIcon;
				ASSETCATALOG_COMPILER_GLOBAL_ACCENT_COLOR_NAME = AccentColor;
				CODE_SIGN_STYLE = Automatic;
				CURRENT_PROJECT_VERSION = 1;
				DEVELOPMENT_TEAM = AEWQUX8MPM;
				ENABLE_PREVIEWS = YES;
				GENERATE_INFOPLIST_FILE = YES;
				INFOPLIST_FILE = "TimeCoach-Watch-App-Info.plist";
				INFOPLIST_KEY_CFBundleDisplayName = TimeCoach;
				INFOPLIST_KEY_UISupportedInterfaceOrientations = "UIInterfaceOrientationPortrait UIInterfaceOrientationPortraitUpsideDown";
				INFOPLIST_KEY_WKWatchOnly = YES;
				LD_RUNPATH_SEARCH_PATHS = (
					"$(inherited)",
					"@executable_path/Frameworks",
				);
				MARKETING_VERSION = 1.0;
				PRODUCT_BUNDLE_IDENTIFIER = com.timeCoach.TimeCoach.watchkitapp;
				PRODUCT_NAME = "$(TARGET_NAME)";
				SDKROOT = watchos;
				SKIP_INSTALL = YES;
				SWIFT_EMIT_LOC_STRINGS = YES;
				SWIFT_VERSION = 5.0;
				TARGETED_DEVICE_FAMILY = 4;
				WATCHOS_DEPLOYMENT_TARGET = 9.0;
			};
			name = Debug;
		};
		FBE9A99C2939528000D8BF29 /* Release */ = {
			isa = XCBuildConfiguration;
			buildSettings = {
				ASSETCATALOG_COMPILER_APPICON_NAME = AppIcon;
				ASSETCATALOG_COMPILER_GLOBAL_ACCENT_COLOR_NAME = AccentColor;
				CODE_SIGN_STYLE = Automatic;
				CURRENT_PROJECT_VERSION = 1;
				DEVELOPMENT_TEAM = AEWQUX8MPM;
				ENABLE_PREVIEWS = YES;
				GENERATE_INFOPLIST_FILE = YES;
				INFOPLIST_FILE = "TimeCoach-Watch-App-Info.plist";
				INFOPLIST_KEY_CFBundleDisplayName = TimeCoach;
				INFOPLIST_KEY_UISupportedInterfaceOrientations = "UIInterfaceOrientationPortrait UIInterfaceOrientationPortraitUpsideDown";
				INFOPLIST_KEY_WKWatchOnly = YES;
				LD_RUNPATH_SEARCH_PATHS = (
					"$(inherited)",
					"@executable_path/Frameworks",
				);
				MARKETING_VERSION = 1.0;
				PRODUCT_BUNDLE_IDENTIFIER = com.timeCoach.TimeCoach.watchkitapp;
				PRODUCT_NAME = "$(TARGET_NAME)";
				SDKROOT = watchos;
				SKIP_INSTALL = YES;
				SWIFT_EMIT_LOC_STRINGS = YES;
				SWIFT_VERSION = 5.0;
				TARGETED_DEVICE_FAMILY = 4;
				VALIDATE_PRODUCT = YES;
				WATCHOS_DEPLOYMENT_TARGET = 9.0;
			};
			name = Release;
		};
		FBE9A99D2939528000D8BF29 /* Debug */ = {
			isa = XCBuildConfiguration;
			buildSettings = {
				ALWAYS_EMBED_SWIFT_STANDARD_LIBRARIES = YES;
				BUNDLE_LOADER = "$(TEST_HOST)";
				CODE_SIGN_STYLE = Automatic;
				CURRENT_PROJECT_VERSION = 1;
				DEVELOPMENT_TEAM = AEWQUX8MPM;
				GENERATE_INFOPLIST_FILE = YES;
				MARKETING_VERSION = 1.0;
				PRODUCT_BUNDLE_IDENTIFIER = "com.timeCoach.TimeCoach-Watch-AppTests";
				PRODUCT_NAME = "$(TARGET_NAME)";
				SDKROOT = watchos;
				SWIFT_EMIT_LOC_STRINGS = NO;
				SWIFT_VERSION = 5.0;
				TARGETED_DEVICE_FAMILY = 4;
				TEST_HOST = "$(BUILT_PRODUCTS_DIR)/TimeCoach Watch App.app/$(BUNDLE_EXECUTABLE_FOLDER_PATH)/TimeCoach Watch App";
				WATCHOS_DEPLOYMENT_TARGET = 9.0;
			};
			name = Debug;
		};
		FBE9A99E2939528000D8BF29 /* Release */ = {
			isa = XCBuildConfiguration;
			buildSettings = {
				ALWAYS_EMBED_SWIFT_STANDARD_LIBRARIES = YES;
				BUNDLE_LOADER = "$(TEST_HOST)";
				CODE_SIGN_STYLE = Automatic;
				CURRENT_PROJECT_VERSION = 1;
				DEVELOPMENT_TEAM = AEWQUX8MPM;
				GENERATE_INFOPLIST_FILE = YES;
				MARKETING_VERSION = 1.0;
				PRODUCT_BUNDLE_IDENTIFIER = "com.timeCoach.TimeCoach-Watch-AppTests";
				PRODUCT_NAME = "$(TARGET_NAME)";
				SDKROOT = watchos;
				SWIFT_EMIT_LOC_STRINGS = NO;
				SWIFT_VERSION = 5.0;
				TARGETED_DEVICE_FAMILY = 4;
				TEST_HOST = "$(BUILT_PRODUCTS_DIR)/TimeCoach Watch App.app/$(BUNDLE_EXECUTABLE_FOLDER_PATH)/TimeCoach Watch App";
				VALIDATE_PRODUCT = YES;
				WATCHOS_DEPLOYMENT_TARGET = 9.0;
			};
			name = Release;
		};
/* End XCBuildConfiguration section */

/* Begin XCConfigurationList section */
		FB06B542292BF71C00AE6079 /* Build configuration list for PBXNativeTarget "LifeCoachWatchOS" */ = {
			isa = XCConfigurationList;
			buildConfigurations = (
				FB06B53E292BF71C00AE6079 /* Debug */,
				FB06B53F292BF71C00AE6079 /* Release */,
			);
			defaultConfigurationIsVisible = 0;
			defaultConfigurationName = Release;
		};
		FB73E92A293BAE490087F9EF /* Build configuration list for PBXNativeTarget "TimerInfrastructureTests" */ = {
			isa = XCConfigurationList;
			buildConfigurations = (
				FB73E928293BAE490087F9EF /* Debug */,
				FB73E929293BAE490087F9EF /* Release */,
			);
			defaultConfigurationIsVisible = 0;
			defaultConfigurationName = Release;
		};
		FBAD474A28FC8BB0003D2F7A /* Build configuration list for PBXProject "LifeCoach" */ = {
			isa = XCConfigurationList;
			buildConfigurations = (
				FBAD476228FC8BB0003D2F7A /* Debug */,
				FBAD476328FC8BB0003D2F7A /* Release */,
			);
			defaultConfigurationIsVisible = 0;
			defaultConfigurationName = Release;
		};
		FBAD476428FC8BB0003D2F7A /* Build configuration list for PBXNativeTarget "LifeCoach" */ = {
			isa = XCConfigurationList;
			buildConfigurations = (
				FBAD476528FC8BB0003D2F7A /* Debug */,
				FBAD476628FC8BB0003D2F7A /* Release */,
			);
			defaultConfigurationIsVisible = 0;
			defaultConfigurationName = Release;
		};
		FBAD476728FC8BB0003D2F7A /* Build configuration list for PBXNativeTarget "LifeCoachTests" */ = {
			isa = XCConfigurationList;
			buildConfigurations = (
				FBAD476828FC8BB0003D2F7A /* Debug */,
				FBAD476928FC8BB0003D2F7A /* Release */,
			);
			defaultConfigurationIsVisible = 0;
			defaultConfigurationName = Release;
		};
		FBE9A9A12939528000D8BF29 /* Build configuration list for PBXNativeTarget "TimeCoach Watch App" */ = {
			isa = XCConfigurationList;
			buildConfigurations = (
				FBE9A99B2939528000D8BF29 /* Debug */,
				FBE9A99C2939528000D8BF29 /* Release */,
			);
			defaultConfigurationIsVisible = 0;
			defaultConfigurationName = Release;
		};
		FBE9A9A22939528000D8BF29 /* Build configuration list for PBXNativeTarget "TimeCoach" */ = {
			isa = XCConfigurationList;
			buildConfigurations = (
				FBE9A9982939528000D8BF29 /* Debug */,
				FBE9A9992939528000D8BF29 /* Release */,
			);
			defaultConfigurationIsVisible = 0;
			defaultConfigurationName = Release;
		};
		FBE9A9A32939528000D8BF29 /* Build configuration list for PBXNativeTarget "TimeCoach Watch AppTests" */ = {
			isa = XCConfigurationList;
			buildConfigurations = (
				FBE9A99D2939528000D8BF29 /* Debug */,
				FBE9A99E2939528000D8BF29 /* Release */,
			);
			defaultConfigurationIsVisible = 0;
			defaultConfigurationName = Release;
		};
/* End XCConfigurationList section */

/* Begin XCRemoteSwiftPackageReference section */
		FB4AA1342936ECD10076FED9 /* XCRemoteSwiftPackageReference "ViewInspector" */ = {
			isa = XCRemoteSwiftPackageReference;
			repositoryURL = "https://github.com/nalexn/ViewInspector";
			requirement = {
				branch = master;
				kind = branch;
			};
		};
/* End XCRemoteSwiftPackageReference section */

/* Begin XCSwiftPackageProductDependency section */
		FBE9A9B02939552400D8BF29 /* ViewInspector */ = {
			isa = XCSwiftPackageProductDependency;
			package = FB4AA1342936ECD10076FED9 /* XCRemoteSwiftPackageReference "ViewInspector" */;
			productName = ViewInspector;
		};
/* End XCSwiftPackageProductDependency section */
	};
	rootObject = FBAD474728FC8BB0003D2F7A /* Project object */;
}
