// !$*UTF8*$!
{
	archiveVersion = 1;
	classes = {
	};
	objectVersion = 56;
	objects = {

/* Begin PBXBuildFile section */
		FB06B531292BF71C00AE6079 /* LifeCoachWatchOS.docc in Sources */ = {isa = PBXBuildFile; fileRef = FB06B530292BF71C00AE6079 /* LifeCoachWatchOS.docc */; };
		FB06B537292BF71C00AE6079 /* LifeCoachWatchOS.framework in Frameworks */ = {isa = PBXBuildFile; fileRef = FB06B52D292BF71C00AE6079 /* LifeCoachWatchOS.framework */; };
		FB06B53D292BF71C00AE6079 /* LifeCoachWatchOS.h in Headers */ = {isa = PBXBuildFile; fileRef = FB06B52F292BF71C00AE6079 /* LifeCoachWatchOS.h */; settings = {ATTRIBUTES = (Public, ); }; };
		FB06B545292BF77400AE6079 /* HomeUI.swift in Sources */ = {isa = PBXBuildFile; fileRef = FB06B544292BF77400AE6079 /* HomeUI.swift */; };
		FB4AA1332936EB9A0076FED9 /* TimerUIIntegrationTests.swift in Sources */ = {isa = PBXBuildFile; fileRef = FB4AA1322936EB9A0076FED9 /* TimerUIIntegrationTests.swift */; };
		FB4AA1362936ECD10076FED9 /* ViewInspector in Frameworks */ = {isa = PBXBuildFile; productRef = FB4AA1352936ECD10076FED9 /* ViewInspector */; };
		FB4AA1382936F1730076FED9 /* TimerView.swift in Sources */ = {isa = PBXBuildFile; fileRef = FB4AA1372936F1730076FED9 /* TimerView.swift */; };
		FB4AA13A29378A460076FED9 /* TimerLoaderPresentationAdapter.swift in Sources */ = {isa = PBXBuildFile; fileRef = FB4AA13929378A460076FED9 /* TimerLoaderPresentationAdapter.swift */; };
		FB4AA13D29379D140076FED9 /* TimerView+Simulations.swift in Sources */ = {isa = PBXBuildFile; fileRef = FB4AA13C29379D140076FED9 /* TimerView+Simulations.swift */; };
		FB4AA14029379DA80076FED9 /* ElapsedSeconds.swift in Sources */ = {isa = PBXBuildFile; fileRef = FB4AA13F29379DA80076FED9 /* ElapsedSeconds.swift */; };
		FB4AA14329379DC90076FED9 /* TimerViewComposer.swift in Sources */ = {isa = PBXBuildFile; fileRef = FB4AA14229379DC90076FED9 /* TimerViewComposer.swift */; };
		FB4AA14729379E520076FED9 /* TimerView+Extensions.swift in Sources */ = {isa = PBXBuildFile; fileRef = FB4AA14629379E520076FED9 /* TimerView+Extensions.swift */; };
		FB4AA14A29379EDF0076FED9 /* TimerViewModel.swift in Sources */ = {isa = PBXBuildFile; fileRef = FB4AA14929379EDF0076FED9 /* TimerViewModel.swift */; };
		FB4AA1542937C0F30076FED9 /* ExtensionHelpers.swift in Sources */ = {isa = PBXBuildFile; fileRef = FB4AA1532937C0F30076FED9 /* ExtensionHelpers.swift */; };
		FB4AA1572937C3970076FED9 /* Date+Formatters.swift in Sources */ = {isa = PBXBuildFile; fileRef = FB4AA1562937C3970076FED9 /* Date+Formatters.swift */; };
		FB4AA1592937C3C50076FED9 /* Timer+DefaultStrings.swift in Sources */ = {isa = PBXBuildFile; fileRef = FB4AA1582937C3C50076FED9 /* Timer+DefaultStrings.swift */; };
		FB4AA15A2937C3E00076FED9 /* ExtensionHelpers.swift in Sources */ = {isa = PBXBuildFile; fileRef = FB4AA1532937C0F30076FED9 /* ExtensionHelpers.swift */; };
		FB4AA15E2937C6E10076FED9 /* LocalTimer.swift in Sources */ = {isa = PBXBuildFile; fileRef = FB4AA15D2937C6E10076FED9 /* LocalTimer.swift */; };
		FB4AA1602937CA200076FED9 /* PauseTimerUseCase.swift in Sources */ = {isa = PBXBuildFile; fileRef = FB4AA15F2937CA200076FED9 /* PauseTimerUseCase.swift */; };
		FB4AA1622937CBE10076FED9 /* TimerSpy.swift in Sources */ = {isa = PBXBuildFile; fileRef = FB4AA1612937CBE10076FED9 /* TimerSpy.swift */; };
		FB4AA1642937CD000076FED9 /* ElapsedSeconds.swift in Sources */ = {isa = PBXBuildFile; fileRef = FB4AA1632937CD000076FED9 /* ElapsedSeconds.swift */; };
		FB4AA1662937D1680076FED9 /* SkipTimerUseCase.swift in Sources */ = {isa = PBXBuildFile; fileRef = FB4AA1652937D1680076FED9 /* SkipTimerUseCase.swift */; };
		FBAD475528FC8BB0003D2F7A /* LifeCoach.docc in Sources */ = {isa = PBXBuildFile; fileRef = FBAD475428FC8BB0003D2F7A /* LifeCoach.docc */; };
		FBAD475B28FC8BB0003D2F7A /* LifeCoach.framework in Frameworks */ = {isa = PBXBuildFile; fileRef = FBAD475028FC8BB0003D2F7A /* LifeCoach.framework */; };
		FBAD476128FC8BB0003D2F7A /* LifeCoach.h in Headers */ = {isa = PBXBuildFile; fileRef = FBAD475328FC8BB0003D2F7A /* LifeCoach.h */; settings = {ATTRIBUTES = (Public, ); }; };
		FBC9ADAC2919E31200E0BEFC /* StartTimerUseCasesTests.swift in Sources */ = {isa = PBXBuildFile; fileRef = FBC9ADAB2919E31200E0BEFC /* StartTimerUseCasesTests.swift */; };
		FBC9ADAF2919E8B500E0BEFC /* XCTestCase+MemoryLeakTracking.swift in Sources */ = {isa = PBXBuildFile; fileRef = FBC9ADAE2919E8B500E0BEFC /* XCTestCase+MemoryLeakTracking.swift */; };
/* End PBXBuildFile section */

/* Begin PBXContainerItemProxy section */
		FB06B538292BF71C00AE6079 /* PBXContainerItemProxy */ = {
			isa = PBXContainerItemProxy;
			containerPortal = FBAD474728FC8BB0003D2F7A /* Project object */;
			proxyType = 1;
			remoteGlobalIDString = FB06B52C292BF71C00AE6079;
			remoteInfo = LifeCoachWatchOS;
		};
		FBAD475C28FC8BB0003D2F7A /* PBXContainerItemProxy */ = {
			isa = PBXContainerItemProxy;
			containerPortal = FBAD474728FC8BB0003D2F7A /* Project object */;
			proxyType = 1;
			remoteGlobalIDString = FBAD474F28FC8BB0003D2F7A;
			remoteInfo = LifeCoach;
		};
/* End PBXContainerItemProxy section */

/* Begin PBXFileReference section */
		FB06B52D292BF71C00AE6079 /* LifeCoachWatchOS.framework */ = {isa = PBXFileReference; explicitFileType = wrapper.framework; includeInIndex = 0; path = LifeCoachWatchOS.framework; sourceTree = BUILT_PRODUCTS_DIR; };
		FB06B52F292BF71C00AE6079 /* LifeCoachWatchOS.h */ = {isa = PBXFileReference; lastKnownFileType = sourcecode.c.h; path = LifeCoachWatchOS.h; sourceTree = "<group>"; };
		FB06B530292BF71C00AE6079 /* LifeCoachWatchOS.docc */ = {isa = PBXFileReference; lastKnownFileType = folder.documentationcatalog; path = LifeCoachWatchOS.docc; sourceTree = "<group>"; };
		FB06B536292BF71C00AE6079 /* LifeCoachWatchOSTests.xctest */ = {isa = PBXFileReference; explicitFileType = wrapper.cfbundle; includeInIndex = 0; path = LifeCoachWatchOSTests.xctest; sourceTree = BUILT_PRODUCTS_DIR; };
		FB06B544292BF77400AE6079 /* HomeUI.swift */ = {isa = PBXFileReference; lastKnownFileType = sourcecode.swift; path = HomeUI.swift; sourceTree = "<group>"; };
		FB4AA1322936EB9A0076FED9 /* TimerUIIntegrationTests.swift */ = {isa = PBXFileReference; lastKnownFileType = sourcecode.swift; path = TimerUIIntegrationTests.swift; sourceTree = "<group>"; };
		FB4AA1372936F1730076FED9 /* TimerView.swift */ = {isa = PBXFileReference; lastKnownFileType = sourcecode.swift; path = TimerView.swift; sourceTree = "<group>"; };
		FB4AA13929378A460076FED9 /* TimerLoaderPresentationAdapter.swift */ = {isa = PBXFileReference; lastKnownFileType = sourcecode.swift; path = TimerLoaderPresentationAdapter.swift; sourceTree = "<group>"; };
		FB4AA13C29379D140076FED9 /* TimerView+Simulations.swift */ = {isa = PBXFileReference; lastKnownFileType = sourcecode.swift; path = "TimerView+Simulations.swift"; sourceTree = "<group>"; };
		FB4AA13F29379DA80076FED9 /* ElapsedSeconds.swift */ = {isa = PBXFileReference; lastKnownFileType = sourcecode.swift; path = ElapsedSeconds.swift; sourceTree = "<group>"; };
		FB4AA14229379DC90076FED9 /* TimerViewComposer.swift */ = {isa = PBXFileReference; lastKnownFileType = sourcecode.swift; path = TimerViewComposer.swift; sourceTree = "<group>"; };
		FB4AA14629379E520076FED9 /* TimerView+Extensions.swift */ = {isa = PBXFileReference; lastKnownFileType = sourcecode.swift; path = "TimerView+Extensions.swift"; sourceTree = "<group>"; };
		FB4AA14929379EDF0076FED9 /* TimerViewModel.swift */ = {isa = PBXFileReference; lastKnownFileType = sourcecode.swift; path = TimerViewModel.swift; sourceTree = "<group>"; };
		FB4AA1532937C0F30076FED9 /* ExtensionHelpers.swift */ = {isa = PBXFileReference; lastKnownFileType = sourcecode.swift; path = ExtensionHelpers.swift; sourceTree = "<group>"; };
		FB4AA1562937C3970076FED9 /* Date+Formatters.swift */ = {isa = PBXFileReference; lastKnownFileType = sourcecode.swift; path = "Date+Formatters.swift"; sourceTree = "<group>"; };
		FB4AA1582937C3C50076FED9 /* Timer+DefaultStrings.swift */ = {isa = PBXFileReference; lastKnownFileType = sourcecode.swift; path = "Timer+DefaultStrings.swift"; sourceTree = "<group>"; };
		FB4AA15D2937C6E10076FED9 /* LocalTimer.swift */ = {isa = PBXFileReference; lastKnownFileType = sourcecode.swift; path = LocalTimer.swift; sourceTree = "<group>"; };
		FB4AA15F2937CA200076FED9 /* PauseTimerUseCase.swift */ = {isa = PBXFileReference; lastKnownFileType = sourcecode.swift; path = PauseTimerUseCase.swift; sourceTree = "<group>"; };
		FB4AA1612937CBE10076FED9 /* TimerSpy.swift */ = {isa = PBXFileReference; lastKnownFileType = sourcecode.swift; path = TimerSpy.swift; sourceTree = "<group>"; };
		FB4AA1632937CD000076FED9 /* ElapsedSeconds.swift */ = {isa = PBXFileReference; lastKnownFileType = sourcecode.swift; path = ElapsedSeconds.swift; sourceTree = "<group>"; };
		FB4AA1652937D1680076FED9 /* SkipTimerUseCase.swift */ = {isa = PBXFileReference; lastKnownFileType = sourcecode.swift; path = SkipTimerUseCase.swift; sourceTree = "<group>"; };
		FBAD475028FC8BB0003D2F7A /* LifeCoach.framework */ = {isa = PBXFileReference; explicitFileType = wrapper.framework; includeInIndex = 0; path = LifeCoach.framework; sourceTree = BUILT_PRODUCTS_DIR; };
		FBAD475328FC8BB0003D2F7A /* LifeCoach.h */ = {isa = PBXFileReference; lastKnownFileType = sourcecode.c.h; path = LifeCoach.h; sourceTree = "<group>"; };
		FBAD475428FC8BB0003D2F7A /* LifeCoach.docc */ = {isa = PBXFileReference; lastKnownFileType = folder.documentationcatalog; path = LifeCoach.docc; sourceTree = "<group>"; };
		FBAD475A28FC8BB0003D2F7A /* LifeCoachTests.xctest */ = {isa = PBXFileReference; explicitFileType = wrapper.cfbundle; includeInIndex = 0; path = LifeCoachTests.xctest; sourceTree = BUILT_PRODUCTS_DIR; };
		FBC9ADAB2919E31200E0BEFC /* StartTimerUseCasesTests.swift */ = {isa = PBXFileReference; lastKnownFileType = sourcecode.swift; path = StartTimerUseCasesTests.swift; sourceTree = "<group>"; };
		FBC9ADAE2919E8B500E0BEFC /* XCTestCase+MemoryLeakTracking.swift */ = {isa = PBXFileReference; lastKnownFileType = sourcecode.swift; path = "XCTestCase+MemoryLeakTracking.swift"; sourceTree = "<group>"; };
/* End PBXFileReference section */

/* Begin PBXFrameworksBuildPhase section */
		FB06B52A292BF71C00AE6079 /* Frameworks */ = {
			isa = PBXFrameworksBuildPhase;
			buildActionMask = 2147483647;
			files = (
			);
			runOnlyForDeploymentPostprocessing = 0;
		};
		FB06B533292BF71C00AE6079 /* Frameworks */ = {
			isa = PBXFrameworksBuildPhase;
			buildActionMask = 2147483647;
			files = (
				FB06B537292BF71C00AE6079 /* LifeCoachWatchOS.framework in Frameworks */,
				FB4AA1362936ECD10076FED9 /* ViewInspector in Frameworks */,
			);
			runOnlyForDeploymentPostprocessing = 0;
		};
		FBAD474D28FC8BB0003D2F7A /* Frameworks */ = {
			isa = PBXFrameworksBuildPhase;
			buildActionMask = 2147483647;
			files = (
			);
			runOnlyForDeploymentPostprocessing = 0;
		};
		FBAD475728FC8BB0003D2F7A /* Frameworks */ = {
			isa = PBXFrameworksBuildPhase;
			buildActionMask = 2147483647;
			files = (
				FBAD475B28FC8BB0003D2F7A /* LifeCoach.framework in Frameworks */,
			);
			runOnlyForDeploymentPostprocessing = 0;
		};
/* End PBXFrameworksBuildPhase section */

/* Begin PBXGroup section */
		FB06B52E292BF71C00AE6079 /* LifeCoachWatchOS */ = {
			isa = PBXGroup;
			children = (
				FB4AA13E29379D9F0076FED9 /* Timer Feature */,
				FB4AA14129379DC20076FED9 /* Composition */,
				FB06B52F292BF71C00AE6079 /* LifeCoachWatchOS.h */,
				FB06B530292BF71C00AE6079 /* LifeCoachWatchOS.docc */,
				FB06B544292BF77400AE6079 /* HomeUI.swift */,
			);
			path = LifeCoachWatchOS;
			sourceTree = "<group>";
		};
		FB06B53A292BF71C00AE6079 /* LifeCoachWatchOSTests */ = {
			isa = PBXGroup;
			children = (
				FB4AA14F2937BE8A0076FED9 /* Timer Feature */,
			);
			path = LifeCoachWatchOSTests;
			sourceTree = "<group>";
		};
		FB4AA13B29379BC10076FED9 /* Helpers */ = {
			isa = PBXGroup;
			children = (
				FB4AA13C29379D140076FED9 /* TimerView+Simulations.swift */,
			);
			path = Helpers;
			sourceTree = "<group>";
		};
		FB4AA13E29379D9F0076FED9 /* Timer Feature */ = {
			isa = PBXGroup;
			children = (
				FB4AA14429379E1F0076FED9 /* Timer UI */,
				FB4AA13F29379DA80076FED9 /* ElapsedSeconds.swift */,
			);
			path = "Timer Feature";
			sourceTree = "<group>";
		};
		FB4AA14129379DC20076FED9 /* Composition */ = {
			isa = PBXGroup;
			children = (
				FB4AA13929378A460076FED9 /* TimerLoaderPresentationAdapter.swift */,
				FB4AA14229379DC90076FED9 /* TimerViewComposer.swift */,
			);
			path = Composition;
			sourceTree = "<group>";
		};
		FB4AA14429379E1F0076FED9 /* Timer UI */ = {
			isa = PBXGroup;
			children = (
				FB4AA14529379E460076FED9 /* Helpers */,
				FB4AA14929379EDF0076FED9 /* TimerViewModel.swift */,
				FB4AA1372936F1730076FED9 /* TimerView.swift */,
			);
			path = "Timer UI";
			sourceTree = "<group>";
		};
		FB4AA14529379E460076FED9 /* Helpers */ = {
			isa = PBXGroup;
			children = (
				FB4AA14629379E520076FED9 /* TimerView+Extensions.swift */,
				FB4AA1562937C3970076FED9 /* Date+Formatters.swift */,
				FB4AA1582937C3C50076FED9 /* Timer+DefaultStrings.swift */,
			);
			path = Helpers;
			sourceTree = "<group>";
		};
		FB4AA14E2937BE6F0076FED9 /* UI */ = {
			isa = PBXGroup;
			children = (
				FB4AA13B29379BC10076FED9 /* Helpers */,
				FB4AA1322936EB9A0076FED9 /* TimerUIIntegrationTests.swift */,
			);
			path = UI;
			sourceTree = "<group>";
		};
		FB4AA14F2937BE8A0076FED9 /* Timer Feature */ = {
			isa = PBXGroup;
			children = (
				FB4AA14E2937BE6F0076FED9 /* UI */,
			);
			path = "Timer Feature";
			sourceTree = "<group>";
		};
		FB4AA15C2937C6D70076FED9 /* Timer Feature */ = {
			isa = PBXGroup;
			children = (
				FB4AA15D2937C6E10076FED9 /* LocalTimer.swift */,
				FB4AA1632937CD000076FED9 /* ElapsedSeconds.swift */,
			);
			path = "Timer Feature";
			sourceTree = "<group>";
		};
		FBAD474628FC8BB0003D2F7A = {
			isa = PBXGroup;
			children = (
				FBAD475228FC8BB0003D2F7A /* LifeCoach */,
				FBAD475E28FC8BB0003D2F7A /* LifeCoachTests */,
				FB06B52E292BF71C00AE6079 /* LifeCoachWatchOS */,
				FB06B53A292BF71C00AE6079 /* LifeCoachWatchOSTests */,
				FBAD475128FC8BB0003D2F7A /* Products */,
			);
			sourceTree = "<group>";
		};
		FBAD475128FC8BB0003D2F7A /* Products */ = {
			isa = PBXGroup;
			children = (
				FBAD475028FC8BB0003D2F7A /* LifeCoach.framework */,
				FBAD475A28FC8BB0003D2F7A /* LifeCoachTests.xctest */,
				FB06B52D292BF71C00AE6079 /* LifeCoachWatchOS.framework */,
				FB06B536292BF71C00AE6079 /* LifeCoachWatchOSTests.xctest */,
			);
			name = Products;
			sourceTree = "<group>";
		};
		FBAD475228FC8BB0003D2F7A /* LifeCoach */ = {
			isa = PBXGroup;
			children = (
				FB4AA15C2937C6D70076FED9 /* Timer Feature */,
				FB4AA1532937C0F30076FED9 /* ExtensionHelpers.swift */,
				FBAD475328FC8BB0003D2F7A /* LifeCoach.h */,
				FBAD475428FC8BB0003D2F7A /* LifeCoach.docc */,
			);
			path = LifeCoach;
			sourceTree = "<group>";
		};
		FBAD475E28FC8BB0003D2F7A /* LifeCoachTests */ = {
			isa = PBXGroup;
			children = (
				FBC9ADAD2919E8A700E0BEFC /* Helpers */,
				FBC9ADAB2919E31200E0BEFC /* StartTimerUseCasesTests.swift */,
				FB4AA15F2937CA200076FED9 /* PauseTimerUseCase.swift */,
				FB4AA1652937D1680076FED9 /* SkipTimerUseCase.swift */,
			);
			path = LifeCoachTests;
			sourceTree = "<group>";
		};
		FBC9ADAD2919E8A700E0BEFC /* Helpers */ = {
			isa = PBXGroup;
			children = (
				FBC9ADAE2919E8B500E0BEFC /* XCTestCase+MemoryLeakTracking.swift */,
				FB4AA1612937CBE10076FED9 /* TimerSpy.swift */,
			);
			path = Helpers;
			sourceTree = "<group>";
		};
/* End PBXGroup section */

/* Begin PBXHeadersBuildPhase section */
		FB06B528292BF71C00AE6079 /* Headers */ = {
			isa = PBXHeadersBuildPhase;
			buildActionMask = 2147483647;
			files = (
				FB06B53D292BF71C00AE6079 /* LifeCoachWatchOS.h in Headers */,
			);
			runOnlyForDeploymentPostprocessing = 0;
		};
		FBAD474B28FC8BB0003D2F7A /* Headers */ = {
			isa = PBXHeadersBuildPhase;
			buildActionMask = 2147483647;
			files = (
				FBAD476128FC8BB0003D2F7A /* LifeCoach.h in Headers */,
			);
			runOnlyForDeploymentPostprocessing = 0;
		};
/* End PBXHeadersBuildPhase section */

/* Begin PBXNativeTarget section */
		FB06B52C292BF71C00AE6079 /* LifeCoachWatchOS */ = {
			isa = PBXNativeTarget;
			buildConfigurationList = FB06B542292BF71C00AE6079 /* Build configuration list for PBXNativeTarget "LifeCoachWatchOS" */;
			buildPhases = (
				FB06B528292BF71C00AE6079 /* Headers */,
				FB06B529292BF71C00AE6079 /* Sources */,
				FB06B52A292BF71C00AE6079 /* Frameworks */,
				FB06B52B292BF71C00AE6079 /* Resources */,
			);
			buildRules = (
			);
			dependencies = (
			);
			name = LifeCoachWatchOS;
			productName = LifeCoachWatchOS;
			productReference = FB06B52D292BF71C00AE6079 /* LifeCoachWatchOS.framework */;
			productType = "com.apple.product-type.framework";
		};
		FB06B535292BF71C00AE6079 /* LifeCoachWatchOSTests */ = {
			isa = PBXNativeTarget;
			buildConfigurationList = FB06B543292BF71C00AE6079 /* Build configuration list for PBXNativeTarget "LifeCoachWatchOSTests" */;
			buildPhases = (
				FB06B532292BF71C00AE6079 /* Sources */,
				FB06B533292BF71C00AE6079 /* Frameworks */,
				FB06B534292BF71C00AE6079 /* Resources */,
			);
			buildRules = (
			);
			dependencies = (
				FB06B539292BF71C00AE6079 /* PBXTargetDependency */,
			);
			name = LifeCoachWatchOSTests;
			packageProductDependencies = (
				FB4AA1352936ECD10076FED9 /* ViewInspector */,
			);
			productName = LifeCoachWatchOSTests;
			productReference = FB06B536292BF71C00AE6079 /* LifeCoachWatchOSTests.xctest */;
			productType = "com.apple.product-type.bundle.unit-test";
		};
		FBAD474F28FC8BB0003D2F7A /* LifeCoach */ = {
			isa = PBXNativeTarget;
			buildConfigurationList = FBAD476428FC8BB0003D2F7A /* Build configuration list for PBXNativeTarget "LifeCoach" */;
			buildPhases = (
				FBAD474B28FC8BB0003D2F7A /* Headers */,
				FBAD474C28FC8BB0003D2F7A /* Sources */,
				FBAD474D28FC8BB0003D2F7A /* Frameworks */,
				FBAD474E28FC8BB0003D2F7A /* Resources */,
			);
			buildRules = (
			);
			dependencies = (
			);
			name = LifeCoach;
			productName = LifeCoach;
			productReference = FBAD475028FC8BB0003D2F7A /* LifeCoach.framework */;
			productType = "com.apple.product-type.framework";
		};
		FBAD475928FC8BB0003D2F7A /* LifeCoachTests */ = {
			isa = PBXNativeTarget;
			buildConfigurationList = FBAD476728FC8BB0003D2F7A /* Build configuration list for PBXNativeTarget "LifeCoachTests" */;
			buildPhases = (
				FBAD475628FC8BB0003D2F7A /* Sources */,
				FBAD475728FC8BB0003D2F7A /* Frameworks */,
				FBAD475828FC8BB0003D2F7A /* Resources */,
			);
			buildRules = (
			);
			dependencies = (
				FBAD475D28FC8BB0003D2F7A /* PBXTargetDependency */,
			);
			name = LifeCoachTests;
			productName = LifeCoachTests;
			productReference = FBAD475A28FC8BB0003D2F7A /* LifeCoachTests.xctest */;
			productType = "com.apple.product-type.bundle.unit-test";
		};
/* End PBXNativeTarget section */

/* Begin PBXProject section */
		FBAD474728FC8BB0003D2F7A /* Project object */ = {
			isa = PBXProject;
			attributes = {
				BuildIndependentTargetsInParallel = 1;
				LastSwiftUpdateCheck = 1400;
				LastUpgradeCheck = 1400;
				TargetAttributes = {
					FB06B52C292BF71C00AE6079 = {
						CreatedOnToolsVersion = 14.0;
					};
					FB06B535292BF71C00AE6079 = {
						CreatedOnToolsVersion = 14.0;
					};
					FBAD474F28FC8BB0003D2F7A = {
						CreatedOnToolsVersion = 14.0;
					};
					FBAD475928FC8BB0003D2F7A = {
						CreatedOnToolsVersion = 14.0;
						LastSwiftMigration = 1400;
					};
				};
			};
			buildConfigurationList = FBAD474A28FC8BB0003D2F7A /* Build configuration list for PBXProject "LifeCoach" */;
			compatibilityVersion = "Xcode 14.0";
			developmentRegion = en;
			hasScannedForEncodings = 0;
			knownRegions = (
				en,
				Base,
			);
			mainGroup = FBAD474628FC8BB0003D2F7A;
			packageReferences = (
				FB4AA1342936ECD10076FED9 /* XCRemoteSwiftPackageReference "ViewInspector" */,
			);
			productRefGroup = FBAD475128FC8BB0003D2F7A /* Products */;
			projectDirPath = "";
			projectRoot = "";
			targets = (
				FBAD474F28FC8BB0003D2F7A /* LifeCoach */,
				FBAD475928FC8BB0003D2F7A /* LifeCoachTests */,
				FB06B52C292BF71C00AE6079 /* LifeCoachWatchOS */,
				FB06B535292BF71C00AE6079 /* LifeCoachWatchOSTests */,
			);
		};
/* End PBXProject section */

/* Begin PBXResourcesBuildPhase section */
		FB06B52B292BF71C00AE6079 /* Resources */ = {
			isa = PBXResourcesBuildPhase;
			buildActionMask = 2147483647;
			files = (
			);
			runOnlyForDeploymentPostprocessing = 0;
		};
		FB06B534292BF71C00AE6079 /* Resources */ = {
			isa = PBXResourcesBuildPhase;
			buildActionMask = 2147483647;
			files = (
			);
			runOnlyForDeploymentPostprocessing = 0;
		};
		FBAD474E28FC8BB0003D2F7A /* Resources */ = {
			isa = PBXResourcesBuildPhase;
			buildActionMask = 2147483647;
			files = (
			);
			runOnlyForDeploymentPostprocessing = 0;
		};
		FBAD475828FC8BB0003D2F7A /* Resources */ = {
			isa = PBXResourcesBuildPhase;
			buildActionMask = 2147483647;
			files = (
			);
			runOnlyForDeploymentPostprocessing = 0;
		};
/* End PBXResourcesBuildPhase section */

/* Begin PBXSourcesBuildPhase section */
		FB06B529292BF71C00AE6079 /* Sources */ = {
			isa = PBXSourcesBuildPhase;
			buildActionMask = 2147483647;
			files = (
				FB4AA1572937C3970076FED9 /* Date+Formatters.swift in Sources */,
				FB4AA14329379DC90076FED9 /* TimerViewComposer.swift in Sources */,
				FB4AA13A29378A460076FED9 /* TimerLoaderPresentationAdapter.swift in Sources */,
				FB4AA1382936F1730076FED9 /* TimerView.swift in Sources */,
				FB06B545292BF77400AE6079 /* HomeUI.swift in Sources */,
				FB4AA14A29379EDF0076FED9 /* TimerViewModel.swift in Sources */,
				FB4AA1592937C3C50076FED9 /* Timer+DefaultStrings.swift in Sources */,
				FB4AA14729379E520076FED9 /* TimerView+Extensions.swift in Sources */,
				FB4AA15A2937C3E00076FED9 /* ExtensionHelpers.swift in Sources */,
				FB06B531292BF71C00AE6079 /* LifeCoachWatchOS.docc in Sources */,
				FB4AA14029379DA80076FED9 /* ElapsedSeconds.swift in Sources */,
			);
			runOnlyForDeploymentPostprocessing = 0;
		};
		FB06B532292BF71C00AE6079 /* Sources */ = {
			isa = PBXSourcesBuildPhase;
			buildActionMask = 2147483647;
			files = (
				FB4AA1332936EB9A0076FED9 /* TimerUIIntegrationTests.swift in Sources */,
				FB4AA13D29379D140076FED9 /* TimerView+Simulations.swift in Sources */,
			);
			runOnlyForDeploymentPostprocessing = 0;
		};
		FBAD474C28FC8BB0003D2F7A /* Sources */ = {
			isa = PBXSourcesBuildPhase;
			buildActionMask = 2147483647;
			files = (
				FB4AA1642937CD000076FED9 /* ElapsedSeconds.swift in Sources */,
				FBAD475528FC8BB0003D2F7A /* LifeCoach.docc in Sources */,
				FB4AA15E2937C6E10076FED9 /* LocalTimer.swift in Sources */,
				FB4AA1542937C0F30076FED9 /* ExtensionHelpers.swift in Sources */,
			);
			runOnlyForDeploymentPostprocessing = 0;
		};
		FBAD475628FC8BB0003D2F7A /* Sources */ = {
			isa = PBXSourcesBuildPhase;
			buildActionMask = 2147483647;
			files = (
				FB4AA1602937CA200076FED9 /* PauseTimerUseCase.swift in Sources */,
				FBC9ADAC2919E31200E0BEFC /* StartTimerUseCasesTests.swift in Sources */,
				FB4AA1662937D1680076FED9 /* SkipTimerUseCase.swift in Sources */,
				FB4AA1622937CBE10076FED9 /* TimerSpy.swift in Sources */,
				FBC9ADAF2919E8B500E0BEFC /* XCTestCase+MemoryLeakTracking.swift in Sources */,
			);
			runOnlyForDeploymentPostprocessing = 0;
		};
/* End PBXSourcesBuildPhase section */

/* Begin PBXTargetDependency section */
		FB06B539292BF71C00AE6079 /* PBXTargetDependency */ = {
			isa = PBXTargetDependency;
			target = FB06B52C292BF71C00AE6079 /* LifeCoachWatchOS */;
			targetProxy = FB06B538292BF71C00AE6079 /* PBXContainerItemProxy */;
		};
		FBAD475D28FC8BB0003D2F7A /* PBXTargetDependency */ = {
			isa = PBXTargetDependency;
			target = FBAD474F28FC8BB0003D2F7A /* LifeCoach */;
			targetProxy = FBAD475C28FC8BB0003D2F7A /* PBXContainerItemProxy */;
		};
/* End PBXTargetDependency section */

/* Begin XCBuildConfiguration section */
		FB06B53E292BF71C00AE6079 /* Debug */ = {
			isa = XCBuildConfiguration;
			buildSettings = {
				CODE_SIGN_STYLE = Automatic;
				CURRENT_PROJECT_VERSION = 1;
				DEFINES_MODULE = YES;
				DEVELOPMENT_TEAM = AEWQUX8MPM;
				DYLIB_COMPATIBILITY_VERSION = 1;
				DYLIB_CURRENT_VERSION = 1;
				DYLIB_INSTALL_NAME_BASE = "@rpath";
				GENERATE_INFOPLIST_FILE = YES;
				INFOPLIST_KEY_NSHumanReadableCopyright = "";
				INSTALL_PATH = "$(LOCAL_LIBRARY_DIR)/Frameworks";
				LD_RUNPATH_SEARCH_PATHS = (
					"$(inherited)",
					"@executable_path/Frameworks",
					"@loader_path/Frameworks",
				);
				MARKETING_VERSION = 1.0;
				PRODUCT_BUNDLE_IDENTIFIER = com.TimeCoach.LifeCoachWatchOS;
				PRODUCT_NAME = "$(TARGET_NAME:c99extidentifier)";
				SDKROOT = watchos;
				SKIP_INSTALL = YES;
				SWIFT_EMIT_LOC_STRINGS = YES;
				SWIFT_VERSION = 5.0;
				TARGETED_DEVICE_FAMILY = 4;
				WATCHOS_DEPLOYMENT_TARGET = 9.0;
			};
			name = Debug;
		};
		FB06B53F292BF71C00AE6079 /* Release */ = {
			isa = XCBuildConfiguration;
			buildSettings = {
				CODE_SIGN_STYLE = Automatic;
				CURRENT_PROJECT_VERSION = 1;
				DEFINES_MODULE = YES;
				DEVELOPMENT_TEAM = AEWQUX8MPM;
				DYLIB_COMPATIBILITY_VERSION = 1;
				DYLIB_CURRENT_VERSION = 1;
				DYLIB_INSTALL_NAME_BASE = "@rpath";
				GENERATE_INFOPLIST_FILE = YES;
				INFOPLIST_KEY_NSHumanReadableCopyright = "";
				INSTALL_PATH = "$(LOCAL_LIBRARY_DIR)/Frameworks";
				LD_RUNPATH_SEARCH_PATHS = (
					"$(inherited)",
					"@executable_path/Frameworks",
					"@loader_path/Frameworks",
				);
				MARKETING_VERSION = 1.0;
				PRODUCT_BUNDLE_IDENTIFIER = com.TimeCoach.LifeCoachWatchOS;
				PRODUCT_NAME = "$(TARGET_NAME:c99extidentifier)";
				SDKROOT = watchos;
				SKIP_INSTALL = YES;
				SWIFT_EMIT_LOC_STRINGS = YES;
				SWIFT_VERSION = 5.0;
				TARGETED_DEVICE_FAMILY = 4;
				VALIDATE_PRODUCT = YES;
				WATCHOS_DEPLOYMENT_TARGET = 9.0;
			};
			name = Release;
		};
		FB06B540292BF71C00AE6079 /* Debug */ = {
			isa = XCBuildConfiguration;
			buildSettings = {
				ALWAYS_EMBED_SWIFT_STANDARD_LIBRARIES = YES;
				CODE_SIGN_STYLE = Automatic;
				CURRENT_PROJECT_VERSION = 1;
				DEVELOPMENT_TEAM = AEWQUX8MPM;
				GENERATE_INFOPLIST_FILE = YES;
				MARKETING_VERSION = 1.0;
				PRODUCT_BUNDLE_IDENTIFIER = com.TimeCoach.LifeCoachWatchOSTests;
				PRODUCT_NAME = "$(TARGET_NAME)";
				SDKROOT = watchos;
				SWIFT_EMIT_LOC_STRINGS = NO;
				SWIFT_VERSION = 5.0;
				TARGETED_DEVICE_FAMILY = 4;
				WATCHOS_DEPLOYMENT_TARGET = 9.0;
			};
			name = Debug;
		};
		FB06B541292BF71C00AE6079 /* Release */ = {
			isa = XCBuildConfiguration;
			buildSettings = {
				ALWAYS_EMBED_SWIFT_STANDARD_LIBRARIES = YES;
				CODE_SIGN_STYLE = Automatic;
				CURRENT_PROJECT_VERSION = 1;
				DEVELOPMENT_TEAM = AEWQUX8MPM;
				GENERATE_INFOPLIST_FILE = YES;
				MARKETING_VERSION = 1.0;
				PRODUCT_BUNDLE_IDENTIFIER = com.TimeCoach.LifeCoachWatchOSTests;
				PRODUCT_NAME = "$(TARGET_NAME)";
				SDKROOT = watchos;
				SWIFT_EMIT_LOC_STRINGS = NO;
				SWIFT_VERSION = 5.0;
				TARGETED_DEVICE_FAMILY = 4;
				VALIDATE_PRODUCT = YES;
				WATCHOS_DEPLOYMENT_TARGET = 9.0;
			};
			name = Release;
		};
		FBAD476228FC8BB0003D2F7A /* Debug */ = {
			isa = XCBuildConfiguration;
			buildSettings = {
				ALWAYS_SEARCH_USER_PATHS = NO;
				CLANG_ANALYZER_NONNULL = YES;
				CLANG_ANALYZER_NUMBER_OBJECT_CONVERSION = YES_AGGRESSIVE;
				CLANG_CXX_LANGUAGE_STANDARD = "gnu++20";
				CLANG_ENABLE_MODULES = YES;
				CLANG_ENABLE_OBJC_ARC = YES;
				CLANG_ENABLE_OBJC_WEAK = YES;
				CLANG_WARN_BLOCK_CAPTURE_AUTORELEASING = YES;
				CLANG_WARN_BOOL_CONVERSION = YES;
				CLANG_WARN_COMMA = YES;
				CLANG_WARN_CONSTANT_CONVERSION = YES;
				CLANG_WARN_DEPRECATED_OBJC_IMPLEMENTATIONS = YES;
				CLANG_WARN_DIRECT_OBJC_ISA_USAGE = YES_ERROR;
				CLANG_WARN_DOCUMENTATION_COMMENTS = YES;
				CLANG_WARN_EMPTY_BODY = YES;
				CLANG_WARN_ENUM_CONVERSION = YES;
				CLANG_WARN_INFINITE_RECURSION = YES;
				CLANG_WARN_INT_CONVERSION = YES;
				CLANG_WARN_NON_LITERAL_NULL_CONVERSION = YES;
				CLANG_WARN_OBJC_IMPLICIT_RETAIN_SELF = YES;
				CLANG_WARN_OBJC_LITERAL_CONVERSION = YES;
				CLANG_WARN_OBJC_ROOT_CLASS = YES_ERROR;
				CLANG_WARN_QUOTED_INCLUDE_IN_FRAMEWORK_HEADER = YES;
				CLANG_WARN_RANGE_LOOP_ANALYSIS = YES;
				CLANG_WARN_STRICT_PROTOTYPES = YES;
				CLANG_WARN_SUSPICIOUS_MOVE = YES;
				CLANG_WARN_UNGUARDED_AVAILABILITY = YES_AGGRESSIVE;
				CLANG_WARN_UNREACHABLE_CODE = YES;
				CLANG_WARN__DUPLICATE_METHOD_MATCH = YES;
				COPY_PHASE_STRIP = NO;
				CURRENT_PROJECT_VERSION = 1;
				DEBUG_INFORMATION_FORMAT = dwarf;
				ENABLE_STRICT_OBJC_MSGSEND = YES;
				ENABLE_TESTABILITY = YES;
				GCC_C_LANGUAGE_STANDARD = gnu11;
				GCC_DYNAMIC_NO_PIC = NO;
				GCC_NO_COMMON_BLOCKS = YES;
				GCC_OPTIMIZATION_LEVEL = 0;
				GCC_PREPROCESSOR_DEFINITIONS = (
					"DEBUG=1",
					"$(inherited)",
				);
				GCC_WARN_64_TO_32_BIT_CONVERSION = YES;
				GCC_WARN_ABOUT_RETURN_TYPE = YES_ERROR;
				GCC_WARN_UNDECLARED_SELECTOR = YES;
				GCC_WARN_UNINITIALIZED_AUTOS = YES_AGGRESSIVE;
				GCC_WARN_UNUSED_FUNCTION = YES;
				GCC_WARN_UNUSED_VARIABLE = YES;
				MACOSX_DEPLOYMENT_TARGET = 12.3;
				MTL_ENABLE_DEBUG_INFO = INCLUDE_SOURCE;
				MTL_FAST_MATH = YES;
				ONLY_ACTIVE_ARCH = YES;
				SDKROOT = macosx;
				SWIFT_ACTIVE_COMPILATION_CONDITIONS = DEBUG;
				SWIFT_OPTIMIZATION_LEVEL = "-Onone";
				VERSIONING_SYSTEM = "apple-generic";
				VERSION_INFO_PREFIX = "";
			};
			name = Debug;
		};
		FBAD476328FC8BB0003D2F7A /* Release */ = {
			isa = XCBuildConfiguration;
			buildSettings = {
				ALWAYS_SEARCH_USER_PATHS = NO;
				CLANG_ANALYZER_NONNULL = YES;
				CLANG_ANALYZER_NUMBER_OBJECT_CONVERSION = YES_AGGRESSIVE;
				CLANG_CXX_LANGUAGE_STANDARD = "gnu++20";
				CLANG_ENABLE_MODULES = YES;
				CLANG_ENABLE_OBJC_ARC = YES;
				CLANG_ENABLE_OBJC_WEAK = YES;
				CLANG_WARN_BLOCK_CAPTURE_AUTORELEASING = YES;
				CLANG_WARN_BOOL_CONVERSION = YES;
				CLANG_WARN_COMMA = YES;
				CLANG_WARN_CONSTANT_CONVERSION = YES;
				CLANG_WARN_DEPRECATED_OBJC_IMPLEMENTATIONS = YES;
				CLANG_WARN_DIRECT_OBJC_ISA_USAGE = YES_ERROR;
				CLANG_WARN_DOCUMENTATION_COMMENTS = YES;
				CLANG_WARN_EMPTY_BODY = YES;
				CLANG_WARN_ENUM_CONVERSION = YES;
				CLANG_WARN_INFINITE_RECURSION = YES;
				CLANG_WARN_INT_CONVERSION = YES;
				CLANG_WARN_NON_LITERAL_NULL_CONVERSION = YES;
				CLANG_WARN_OBJC_IMPLICIT_RETAIN_SELF = YES;
				CLANG_WARN_OBJC_LITERAL_CONVERSION = YES;
				CLANG_WARN_OBJC_ROOT_CLASS = YES_ERROR;
				CLANG_WARN_QUOTED_INCLUDE_IN_FRAMEWORK_HEADER = YES;
				CLANG_WARN_RANGE_LOOP_ANALYSIS = YES;
				CLANG_WARN_STRICT_PROTOTYPES = YES;
				CLANG_WARN_SUSPICIOUS_MOVE = YES;
				CLANG_WARN_UNGUARDED_AVAILABILITY = YES_AGGRESSIVE;
				CLANG_WARN_UNREACHABLE_CODE = YES;
				CLANG_WARN__DUPLICATE_METHOD_MATCH = YES;
				COPY_PHASE_STRIP = NO;
				CURRENT_PROJECT_VERSION = 1;
				DEBUG_INFORMATION_FORMAT = "dwarf-with-dsym";
				ENABLE_NS_ASSERTIONS = NO;
				ENABLE_STRICT_OBJC_MSGSEND = YES;
				GCC_C_LANGUAGE_STANDARD = gnu11;
				GCC_NO_COMMON_BLOCKS = YES;
				GCC_WARN_64_TO_32_BIT_CONVERSION = YES;
				GCC_WARN_ABOUT_RETURN_TYPE = YES_ERROR;
				GCC_WARN_UNDECLARED_SELECTOR = YES;
				GCC_WARN_UNINITIALIZED_AUTOS = YES_AGGRESSIVE;
				GCC_WARN_UNUSED_FUNCTION = YES;
				GCC_WARN_UNUSED_VARIABLE = YES;
				MACOSX_DEPLOYMENT_TARGET = 12.3;
				MTL_ENABLE_DEBUG_INFO = NO;
				MTL_FAST_MATH = YES;
				SDKROOT = macosx;
				SWIFT_COMPILATION_MODE = wholemodule;
				SWIFT_OPTIMIZATION_LEVEL = "-O";
				VERSIONING_SYSTEM = "apple-generic";
				VERSION_INFO_PREFIX = "";
			};
			name = Release;
		};
		FBAD476528FC8BB0003D2F7A /* Debug */ = {
			isa = XCBuildConfiguration;
			buildSettings = {
				CODE_SIGN_STYLE = Automatic;
				COMBINE_HIDPI_IMAGES = YES;
				CURRENT_PROJECT_VERSION = 1;
				DEFINES_MODULE = YES;
				DEVELOPMENT_TEAM = 4HZSC8HC43;
				DYLIB_COMPATIBILITY_VERSION = 1;
				DYLIB_CURRENT_VERSION = 1;
				DYLIB_INSTALL_NAME_BASE = "@rpath";
				GENERATE_INFOPLIST_FILE = YES;
				INFOPLIST_KEY_NSHumanReadableCopyright = "";
				INSTALL_PATH = "$(LOCAL_LIBRARY_DIR)/Frameworks";
				LD_RUNPATH_SEARCH_PATHS = (
					"$(inherited)",
					"@executable_path/../Frameworks",
					"@loader_path/Frameworks",
				);
				MARKETING_VERSION = 1.0;
				PRODUCT_BUNDLE_IDENTIFIER = com.sonar.LifeCoach;
				PRODUCT_NAME = "$(TARGET_NAME:c99extidentifier)";
				SKIP_INSTALL = YES;
				SWIFT_EMIT_LOC_STRINGS = YES;
				SWIFT_VERSION = 5.0;
			};
			name = Debug;
		};
		FBAD476628FC8BB0003D2F7A /* Release */ = {
			isa = XCBuildConfiguration;
			buildSettings = {
				CODE_SIGN_STYLE = Automatic;
				COMBINE_HIDPI_IMAGES = YES;
				CURRENT_PROJECT_VERSION = 1;
				DEFINES_MODULE = YES;
				DEVELOPMENT_TEAM = 4HZSC8HC43;
				DYLIB_COMPATIBILITY_VERSION = 1;
				DYLIB_CURRENT_VERSION = 1;
				DYLIB_INSTALL_NAME_BASE = "@rpath";
				GENERATE_INFOPLIST_FILE = YES;
				INFOPLIST_KEY_NSHumanReadableCopyright = "";
				INSTALL_PATH = "$(LOCAL_LIBRARY_DIR)/Frameworks";
				LD_RUNPATH_SEARCH_PATHS = (
					"$(inherited)",
					"@executable_path/../Frameworks",
					"@loader_path/Frameworks",
				);
				MARKETING_VERSION = 1.0;
				PRODUCT_BUNDLE_IDENTIFIER = com.sonar.LifeCoach;
				PRODUCT_NAME = "$(TARGET_NAME:c99extidentifier)";
				SKIP_INSTALL = YES;
				SWIFT_EMIT_LOC_STRINGS = YES;
				SWIFT_VERSION = 5.0;
			};
			name = Release;
		};
		FBAD476828FC8BB0003D2F7A /* Debug */ = {
			isa = XCBuildConfiguration;
			buildSettings = {
				ALWAYS_EMBED_SWIFT_STANDARD_LIBRARIES = YES;
				CLANG_ENABLE_MODULES = YES;
				CODE_SIGN_STYLE = Automatic;
				CURRENT_PROJECT_VERSION = 1;
				DEVELOPMENT_TEAM = 4HZSC8HC43;
				GENERATE_INFOPLIST_FILE = YES;
				LD_RUNPATH_SEARCH_PATHS = (
					"$(inherited)",
					"@executable_path/../Frameworks",
					"@loader_path/../Frameworks",
				);
				MARKETING_VERSION = 1.0;
				PRODUCT_BUNDLE_IDENTIFIER = com.sonar.LifeCoachTests;
				PRODUCT_NAME = "$(TARGET_NAME)";
				SWIFT_EMIT_LOC_STRINGS = NO;
				SWIFT_OPTIMIZATION_LEVEL = "-Onone";
				SWIFT_VERSION = 5.0;
			};
			name = Debug;
		};
		FBAD476928FC8BB0003D2F7A /* Release */ = {
			isa = XCBuildConfiguration;
			buildSettings = {
				ALWAYS_EMBED_SWIFT_STANDARD_LIBRARIES = YES;
				CLANG_ENABLE_MODULES = YES;
				CODE_SIGN_STYLE = Automatic;
				CURRENT_PROJECT_VERSION = 1;
				DEVELOPMENT_TEAM = 4HZSC8HC43;
				GENERATE_INFOPLIST_FILE = YES;
				LD_RUNPATH_SEARCH_PATHS = (
					"$(inherited)",
					"@executable_path/../Frameworks",
					"@loader_path/../Frameworks",
				);
				MARKETING_VERSION = 1.0;
				PRODUCT_BUNDLE_IDENTIFIER = com.sonar.LifeCoachTests;
				PRODUCT_NAME = "$(TARGET_NAME)";
				SWIFT_EMIT_LOC_STRINGS = NO;
				SWIFT_VERSION = 5.0;
			};
			name = Release;
		};
/* End XCBuildConfiguration section */

/* Begin XCConfigurationList section */
		FB06B542292BF71C00AE6079 /* Build configuration list for PBXNativeTarget "LifeCoachWatchOS" */ = {
			isa = XCConfigurationList;
			buildConfigurations = (
				FB06B53E292BF71C00AE6079 /* Debug */,
				FB06B53F292BF71C00AE6079 /* Release */,
			);
			defaultConfigurationIsVisible = 0;
			defaultConfigurationName = Release;
		};
		FB06B543292BF71C00AE6079 /* Build configuration list for PBXNativeTarget "LifeCoachWatchOSTests" */ = {
			isa = XCConfigurationList;
			buildConfigurations = (
				FB06B540292BF71C00AE6079 /* Debug */,
				FB06B541292BF71C00AE6079 /* Release */,
			);
			defaultConfigurationIsVisible = 0;
			defaultConfigurationName = Release;
		};
		FBAD474A28FC8BB0003D2F7A /* Build configuration list for PBXProject "LifeCoach" */ = {
			isa = XCConfigurationList;
			buildConfigurations = (
				FBAD476228FC8BB0003D2F7A /* Debug */,
				FBAD476328FC8BB0003D2F7A /* Release */,
			);
			defaultConfigurationIsVisible = 0;
			defaultConfigurationName = Release;
		};
		FBAD476428FC8BB0003D2F7A /* Build configuration list for PBXNativeTarget "LifeCoach" */ = {
			isa = XCConfigurationList;
			buildConfigurations = (
				FBAD476528FC8BB0003D2F7A /* Debug */,
				FBAD476628FC8BB0003D2F7A /* Release */,
			);
			defaultConfigurationIsVisible = 0;
			defaultConfigurationName = Release;
		};
		FBAD476728FC8BB0003D2F7A /* Build configuration list for PBXNativeTarget "LifeCoachTests" */ = {
			isa = XCConfigurationList;
			buildConfigurations = (
				FBAD476828FC8BB0003D2F7A /* Debug */,
				FBAD476928FC8BB0003D2F7A /* Release */,
			);
			defaultConfigurationIsVisible = 0;
			defaultConfigurationName = Release;
		};
/* End XCConfigurationList section */

/* Begin XCRemoteSwiftPackageReference section */
		FB4AA1342936ECD10076FED9 /* XCRemoteSwiftPackageReference "ViewInspector" */ = {
			isa = XCRemoteSwiftPackageReference;
			repositoryURL = "https://github.com/nalexn/ViewInspector";
			requirement = {
				branch = master;
				kind = branch;
			};
		};
/* End XCRemoteSwiftPackageReference section */

/* Begin XCSwiftPackageProductDependency section */
		FB4AA1352936ECD10076FED9 /* ViewInspector */ = {
			isa = XCSwiftPackageProductDependency;
			package = FB4AA1342936ECD10076FED9 /* XCRemoteSwiftPackageReference "ViewInspector" */;
			productName = ViewInspector;
		};
/* End XCSwiftPackageProductDependency section */
	};
	rootObject = FBAD474728FC8BB0003D2F7A /* Project object */;
}
